// !$*UTF8*$!
{
	archiveVersion = 1;
	classes = {
	};
	objectVersion = 46;
	objects = {

/* Begin PBXBuildFile section */
		0737423C1CE4965B002A4A4B /* BaseTestCase.swift in Sources */ = {isa = PBXBuildFile; fileRef = 0737423B1CE4965B002A4A4B /* BaseTestCase.swift */; };
		0737423E1CE49827002A4A4B /* snorlax.json in Resources */ = {isa = PBXBuildFile; fileRef = 0737423D1CE49827002A4A4B /* snorlax.json */; };
		073742401CE499F0002A4A4B /* pikachu.json in Resources */ = {isa = PBXBuildFile; fileRef = 0737423F1CE499F0002A4A4B /* pikachu.json */; };
		07805B231CC3683500101893 /* Nimble.framework in Frameworks */ = {isa = PBXBuildFile; fileRef = 07805B221CC3683500101893 /* Nimble.framework */; };
		07805B271CC3852500101893 /* BeJSONAs.swift in Sources */ = {isa = PBXBuildFile; fileRef = 07805B261CC3852500101893 /* BeJSONAs.swift */; };
		07805B291CC386C900101893 /* Comparer.swift in Sources */ = {isa = PBXBuildFile; fileRef = 07805B281CC386C900101893 /* Comparer.swift */; };
		07805B301CC38E4600101893 /* Regex.swift in Sources */ = {isa = PBXBuildFile; fileRef = 07805B2F1CC38E4600101893 /* Regex.swift */; };
		07805B341CCB4DD600101893 /* ComparerTests.swift in Sources */ = {isa = PBXBuildFile; fileRef = 07805B331CCB4DD600101893 /* ComparerTests.swift */; };
		07805B361CCB4DF500101893 /* RegexTests.swift in Sources */ = {isa = PBXBuildFile; fileRef = 07805B351CCB4DF500101893 /* RegexTests.swift */; };
		07A1AF531CC357C90033C783 /* JSONMatcher.h in Headers */ = {isa = PBXBuildFile; fileRef = 07A1AF521CC357C90033C783 /* JSONMatcher.h */; settings = {ATTRIBUTES = (Public, ); }; };
		07A1AF5D1CC3580A0033C783 /* JSONMatcher.framework in Frameworks */ = {isa = PBXBuildFile; fileRef = 07A1AF471CC3576F0033C783 /* JSONMatcher.framework */; };
		07A1AF721CC35A740033C783 /* BeJSON.swift in Sources */ = {isa = PBXBuildFile; fileRef = 07A1AF711CC35A740033C783 /* BeJSON.swift */; };
		07A1AF761CC35C910033C783 /* BeJSONTests.swift in Sources */ = {isa = PBXBuildFile; fileRef = 07A1AF751CC35C910033C783 /* BeJSONTests.swift */; };
		07A1AF781CC360720033C783 /* Nimble.framework in Frameworks */ = {isa = PBXBuildFile; fileRef = 07A1AF771CC360720033C783 /* Nimble.framework */; };
		07D2ED7F1CCCDAA6003A5430 /* Type.swift in Sources */ = {isa = PBXBuildFile; fileRef = 07D2ED7E1CCCDAA6003A5430 /* Type.swift */; };
		07D2ED811CCCF6A4003A5430 /* ElementTests.swift in Sources */ = {isa = PBXBuildFile; fileRef = 07D2ED801CCCF6A4003A5430 /* ElementTests.swift */; };
		07D2ED841CCE67EC003A5430 /* BuilderTests.swift in Sources */ = {isa = PBXBuildFile; fileRef = 07D2ED831CCE67EC003A5430 /* BuilderTests.swift */; };
		540A8CCD1CDA49430050D3E4 /* Extractor.swift in Sources */ = {isa = PBXBuildFile; fileRef = 540A8CCC1CDA49430050D3E4 /* Extractor.swift */; };
		54E0623B1CCB25D900C174E1 /* BeJSONAsTests.swift in Sources */ = {isa = PBXBuildFile; fileRef = 07805B2C1CC38A9400101893 /* BeJSONAsTests.swift */; };
		54E062411CCE1BFE00C174E1 /* Element.swift in Sources */ = {isa = PBXBuildFile; fileRef = 54E062401CCE1BFE00C174E1 /* Element.swift */; };
		54E062431CCE1D7B00C174E1 /* Builder.swift in Sources */ = {isa = PBXBuildFile; fileRef = 54E062421CCE1D7B00C174E1 /* Builder.swift */; };
/* End PBXBuildFile section */

/* Begin PBXContainerItemProxy section */
		07A1AF5E1CC3580A0033C783 /* PBXContainerItemProxy */ = {
			isa = PBXContainerItemProxy;
			containerPortal = 07A1AF3E1CC3576F0033C783 /* Project object */;
			proxyType = 1;
			remoteGlobalIDString = 07A1AF461CC3576F0033C783;
			remoteInfo = JSONMatcher;
		};
/* End PBXContainerItemProxy section */

/* Begin PBXFileReference section */
		0737423B1CE4965B002A4A4B /* BaseTestCase.swift */ = {isa = PBXFileReference; fileEncoding = 4; lastKnownFileType = sourcecode.swift; path = BaseTestCase.swift; sourceTree = "<group>"; };
		0737423D1CE49827002A4A4B /* snorlax.json */ = {isa = PBXFileReference; fileEncoding = 4; lastKnownFileType = text.json; name = snorlax.json; path = fixtures/snorlax.json; sourceTree = "<group>"; };
		0737423F1CE499F0002A4A4B /* pikachu.json */ = {isa = PBXFileReference; fileEncoding = 4; lastKnownFileType = text.json; name = pikachu.json; path = fixtures/pikachu.json; sourceTree = "<group>"; };
		07805B221CC3683500101893 /* Nimble.framework */ = {isa = PBXFileReference; lastKnownFileType = wrapper.framework; name = Nimble.framework; path = "../../Library/Developer/Xcode/DerivedData/JSONMatcher-dtaubdkxgryzrmaobmogcnydkzmh/Build/Products/Debug-iphonesimulator/Nimble.framework"; sourceTree = "<group>"; };
		07805B261CC3852500101893 /* BeJSONAs.swift */ = {isa = PBXFileReference; fileEncoding = 4; lastKnownFileType = sourcecode.swift; path = BeJSONAs.swift; sourceTree = "<group>"; };
		07805B281CC386C900101893 /* Comparer.swift */ = {isa = PBXFileReference; fileEncoding = 4; lastKnownFileType = sourcecode.swift; name = Comparer.swift; path = Sources/JSONMatcher/Comparer.swift; sourceTree = SOURCE_ROOT; };
		07805B2C1CC38A9400101893 /* BeJSONAsTests.swift */ = {isa = PBXFileReference; fileEncoding = 4; lastKnownFileType = sourcecode.swift; path = BeJSONAsTests.swift; sourceTree = "<group>"; };
		07805B2F1CC38E4600101893 /* Regex.swift */ = {isa = PBXFileReference; fileEncoding = 4; lastKnownFileType = sourcecode.swift; name = Regex.swift; path = Sources/JSONMatcher/Regex.swift; sourceTree = SOURCE_ROOT; };
		07805B331CCB4DD600101893 /* ComparerTests.swift */ = {isa = PBXFileReference; fileEncoding = 4; lastKnownFileType = sourcecode.swift; path = ComparerTests.swift; sourceTree = "<group>"; };
		07805B351CCB4DF500101893 /* RegexTests.swift */ = {isa = PBXFileReference; fileEncoding = 4; lastKnownFileType = sourcecode.swift; path = RegexTests.swift; sourceTree = "<group>"; };
		07A1AF471CC3576F0033C783 /* JSONMatcher.framework */ = {isa = PBXFileReference; explicitFileType = wrapper.framework; includeInIndex = 0; path = JSONMatcher.framework; sourceTree = BUILT_PRODUCTS_DIR; };
		07A1AF521CC357C90033C783 /* JSONMatcher.h */ = {isa = PBXFileReference; fileEncoding = 4; lastKnownFileType = sourcecode.c.h; name = JSONMatcher.h; path = Sources/JSONMatcher/JSONMatcher.h; sourceTree = SOURCE_ROOT; };
		07A1AF581CC3580A0033C783 /* JSONMatcher-iOS Tests.xctest */ = {isa = PBXFileReference; explicitFileType = wrapper.cfbundle; includeInIndex = 0; path = "JSONMatcher-iOS Tests.xctest"; sourceTree = BUILT_PRODUCTS_DIR; };
		07A1AF641CC3582E0033C783 /* Info.plist */ = {isa = PBXFileReference; fileEncoding = 4; lastKnownFileType = text.plist.xml; path = Info.plist; sourceTree = "<group>"; };
		07A1AF681CC3583A0033C783 /* Info.plist */ = {isa = PBXFileReference; lastKnownFileType = text.plist.xml; name = Info.plist; path = Sources/JSONMatcher/Info.plist; sourceTree = SOURCE_ROOT; };
		07A1AF711CC35A740033C783 /* BeJSON.swift */ = {isa = PBXFileReference; fileEncoding = 4; lastKnownFileType = sourcecode.swift; path = BeJSON.swift; sourceTree = "<group>"; };
		07A1AF751CC35C910033C783 /* BeJSONTests.swift */ = {isa = PBXFileReference; fileEncoding = 4; lastKnownFileType = sourcecode.swift; path = BeJSONTests.swift; sourceTree = "<group>"; };
		07A1AF771CC360720033C783 /* Nimble.framework */ = {isa = PBXFileReference; lastKnownFileType = wrapper.framework; name = Nimble.framework; path = Carthage/Build/iOS/Nimble.framework; sourceTree = "<group>"; };
		07D2ED7E1CCCDAA6003A5430 /* Type.swift */ = {isa = PBXFileReference; fileEncoding = 4; lastKnownFileType = sourcecode.swift; name = Type.swift; path = Sources/JSONMatcher/Type.swift; sourceTree = SOURCE_ROOT; };
		07D2ED801CCCF6A4003A5430 /* ElementTests.swift */ = {isa = PBXFileReference; fileEncoding = 4; lastKnownFileType = sourcecode.swift; path = ElementTests.swift; sourceTree = "<group>"; };
		07D2ED831CCE67EC003A5430 /* BuilderTests.swift */ = {isa = PBXFileReference; fileEncoding = 4; lastKnownFileType = sourcecode.swift; path = BuilderTests.swift; sourceTree = "<group>"; };
		540A8CCC1CDA49430050D3E4 /* Extractor.swift */ = {isa = PBXFileReference; fileEncoding = 4; lastKnownFileType = sourcecode.swift; name = Extractor.swift; path = Sources/JSONMatcher/Extractor.swift; sourceTree = SOURCE_ROOT; };
		54E062401CCE1BFE00C174E1 /* Element.swift */ = {isa = PBXFileReference; fileEncoding = 4; lastKnownFileType = sourcecode.swift; name = Element.swift; path = Sources/JSONMatcher/Element.swift; sourceTree = SOURCE_ROOT; };
		54E062421CCE1D7B00C174E1 /* Builder.swift */ = {isa = PBXFileReference; fileEncoding = 4; lastKnownFileType = sourcecode.swift; name = Builder.swift; path = Sources/JSONMatcher/Builder.swift; sourceTree = SOURCE_ROOT; };
/* End PBXFileReference section */

/* Begin PBXFrameworksBuildPhase section */
		07A1AF431CC3576F0033C783 /* Frameworks */ = {
			isa = PBXFrameworksBuildPhase;
			buildActionMask = 2147483647;
			files = (
				07A1AF781CC360720033C783 /* Nimble.framework in Frameworks */,
			);
			runOnlyForDeploymentPostprocessing = 0;
		};
		07A1AF551CC3580A0033C783 /* Frameworks */ = {
			isa = PBXFrameworksBuildPhase;
			buildActionMask = 2147483647;
			files = (
				07805B231CC3683500101893 /* Nimble.framework in Frameworks */,
				07A1AF5D1CC3580A0033C783 /* JSONMatcher.framework in Frameworks */,
			);
			runOnlyForDeploymentPostprocessing = 0;
		};
/* End PBXFrameworksBuildPhase section */

/* Begin PBXGroup section */
		07805B2E1CC38AC500101893 /* fixtures */ = {
			isa = PBXGroup;
			children = (
				0737423F1CE499F0002A4A4B /* pikachu.json */,
				0737423D1CE49827002A4A4B /* snorlax.json */,
			);
			name = fixtures;
			sourceTree = "<group>";
		};
		07A1AF3D1CC3576F0033C783 = {
			isa = PBXGroup;
			children = (
				07805B221CC3683500101893 /* Nimble.framework */,
				07A1AF771CC360720033C783 /* Nimble.framework */,
				07A1AF491CC3576F0033C783 /* JSONMatcher */,
				07A1AF631CC3582E0033C783 /* Tests */,
				07A1AF481CC3576F0033C783 /* Products */,
			);
			sourceTree = "<group>";
		};
		07A1AF481CC3576F0033C783 /* Products */ = {
			isa = PBXGroup;
			children = (
				07A1AF471CC3576F0033C783 /* JSONMatcher.framework */,
				07A1AF581CC3580A0033C783 /* JSONMatcher-iOS Tests.xctest */,
			);
			name = Products;
			sourceTree = "<group>";
		};
		07A1AF491CC3576F0033C783 /* JSONMatcher */ = {
			isa = PBXGroup;
			children = (
				07A1AF681CC3583A0033C783 /* Info.plist */,
				07A1AF521CC357C90033C783 /* JSONMatcher.h */,
				07A1AF701CC35A740033C783 /* Matcher */,
				07805B281CC386C900101893 /* Comparer.swift */,
				540A8CCC1CDA49430050D3E4 /* Extractor.swift */,
				07805B2F1CC38E4600101893 /* Regex.swift */,
				54E062401CCE1BFE00C174E1 /* Element.swift */,
				54E062421CCE1D7B00C174E1 /* Builder.swift */,
				07D2ED7E1CCCDAA6003A5430 /* Type.swift */,
			);
			path = JSONMatcher;
			sourceTree = "<group>";
		};
		07A1AF631CC3582E0033C783 /* Tests */ = {
			isa = PBXGroup;
			children = (
				07805B2E1CC38AC500101893 /* fixtures */,
				07A1AF641CC3582E0033C783 /* Info.plist */,
				07A1AF751CC35C910033C783 /* BeJSONTests.swift */,
				07805B2C1CC38A9400101893 /* BeJSONAsTests.swift */,
				07805B331CCB4DD600101893 /* ComparerTests.swift */,
				07805B351CCB4DF500101893 /* RegexTests.swift */,
				07D2ED801CCCF6A4003A5430 /* ElementTests.swift */,
				07D2ED831CCE67EC003A5430 /* BuilderTests.swift */,
				0737423B1CE4965B002A4A4B /* BaseTestCase.swift */,
			);
			path = Tests;
			sourceTree = "<group>";
		};
		07A1AF701CC35A740033C783 /* Matcher */ = {
			isa = PBXGroup;
			children = (
				07A1AF711CC35A740033C783 /* BeJSON.swift */,
				07805B261CC3852500101893 /* BeJSONAs.swift */,
			);
			name = Matcher;
			path = Sources/JSONMatcher/Matcher;
			sourceTree = SOURCE_ROOT;
		};
/* End PBXGroup section */

/* Begin PBXHeadersBuildPhase section */
		07A1AF441CC3576F0033C783 /* Headers */ = {
			isa = PBXHeadersBuildPhase;
			buildActionMask = 2147483647;
			files = (
				07A1AF531CC357C90033C783 /* JSONMatcher.h in Headers */,
			);
			runOnlyForDeploymentPostprocessing = 0;
		};
/* End PBXHeadersBuildPhase section */

/* Begin PBXNativeTarget section */
		07A1AF461CC3576F0033C783 /* JSONMatcher-iOS */ = {
			isa = PBXNativeTarget;
			buildConfigurationList = 07A1AF4F1CC3576F0033C783 /* Build configuration list for PBXNativeTarget "JSONMatcher-iOS" */;
			buildPhases = (
				07A1AF421CC3576F0033C783 /* Sources */,
				07A1AF431CC3576F0033C783 /* Frameworks */,
				07A1AF441CC3576F0033C783 /* Headers */,
				07A1AF451CC3576F0033C783 /* Resources */,
			);
			buildRules = (
			);
			dependencies = (
			);
			name = "JSONMatcher-iOS";
			productName = JSONMatcher;
			productReference = 07A1AF471CC3576F0033C783 /* JSONMatcher.framework */;
			productType = "com.apple.product-type.framework";
		};
		07A1AF571CC3580A0033C783 /* JSONMatcher-iOS Tests */ = {
			isa = PBXNativeTarget;
			buildConfigurationList = 07A1AF601CC3580A0033C783 /* Build configuration list for PBXNativeTarget "JSONMatcher-iOS Tests" */;
			buildPhases = (
				07A1AF541CC3580A0033C783 /* Sources */,
				07A1AF551CC3580A0033C783 /* Frameworks */,
				07A1AF561CC3580A0033C783 /* Resources */,
			);
			buildRules = (
			);
			dependencies = (
				07A1AF5F1CC3580A0033C783 /* PBXTargetDependency */,
			);
			name = "JSONMatcher-iOS Tests";
			productName = JSONMatcherTests;
			productReference = 07A1AF581CC3580A0033C783 /* JSONMatcher-iOS Tests.xctest */;
			productType = "com.apple.product-type.bundle.unit-test";
		};
/* End PBXNativeTarget section */

/* Begin PBXProject section */
		07A1AF3E1CC3576F0033C783 /* Project object */ = {
			isa = PBXProject;
			attributes = {
				LastSwiftUpdateCheck = 0730;
				LastUpgradeCheck = 0730;
				ORGANIZATIONNAME = giginet;
				TargetAttributes = {
					07A1AF461CC3576F0033C783 = {
						CreatedOnToolsVersion = 7.3;
					};
					07A1AF571CC3580A0033C783 = {
						CreatedOnToolsVersion = 7.3;
					};
				};
			};
			buildConfigurationList = 07A1AF411CC3576F0033C783 /* Build configuration list for PBXProject "JSONMatcher" */;
			compatibilityVersion = "Xcode 3.2";
			developmentRegion = English;
			hasScannedForEncodings = 0;
			knownRegions = (
				en,
			);
			mainGroup = 07A1AF3D1CC3576F0033C783;
			productRefGroup = 07A1AF481CC3576F0033C783 /* Products */;
			projectDirPath = "";
			projectRoot = "";
			targets = (
				07A1AF461CC3576F0033C783 /* JSONMatcher-iOS */,
				07A1AF571CC3580A0033C783 /* JSONMatcher-iOS Tests */,
			);
		};
/* End PBXProject section */

/* Begin PBXResourcesBuildPhase section */
		07A1AF451CC3576F0033C783 /* Resources */ = {
			isa = PBXResourcesBuildPhase;
			buildActionMask = 2147483647;
			files = (
			);
			runOnlyForDeploymentPostprocessing = 0;
		};
		07A1AF561CC3580A0033C783 /* Resources */ = {
			isa = PBXResourcesBuildPhase;
			buildActionMask = 2147483647;
			files = (
				0737423E1CE49827002A4A4B /* snorlax.json in Resources */,
				073742401CE499F0002A4A4B /* pikachu.json in Resources */,
			);
			runOnlyForDeploymentPostprocessing = 0;
		};
/* End PBXResourcesBuildPhase section */

/* Begin PBXSourcesBuildPhase section */
		07A1AF421CC3576F0033C783 /* Sources */ = {
			isa = PBXSourcesBuildPhase;
			buildActionMask = 2147483647;
			files = (
				07805B271CC3852500101893 /* BeJSONAs.swift in Sources */,
				540A8CCD1CDA49430050D3E4 /* Extractor.swift in Sources */,
				54E062411CCE1BFE00C174E1 /* Element.swift in Sources */,
				07805B361CCB4DF500101893 /* RegexTests.swift in Sources */,
				07A1AF721CC35A740033C783 /* BeJSON.swift in Sources */,
				07805B291CC386C900101893 /* Comparer.swift in Sources */,
				07805B301CC38E4600101893 /* Regex.swift in Sources */,
				07D2ED7F1CCCDAA6003A5430 /* Type.swift in Sources */,
				54E062431CCE1D7B00C174E1 /* Builder.swift in Sources */,
			);
			runOnlyForDeploymentPostprocessing = 0;
		};
		07A1AF541CC3580A0033C783 /* Sources */ = {
			isa = PBXSourcesBuildPhase;
			buildActionMask = 2147483647;
			files = (
				07A1AF761CC35C910033C783 /* BeJSONTests.swift in Sources */,
				54E0623B1CCB25D900C174E1 /* BeJSONAsTests.swift in Sources */,
				07D2ED841CCE67EC003A5430 /* BuilderTests.swift in Sources */,
				07D2ED811CCCF6A4003A5430 /* ElementTests.swift in Sources */,
				07805B341CCB4DD600101893 /* ComparerTests.swift in Sources */,
				0737423C1CE4965B002A4A4B /* BaseTestCase.swift in Sources */,
			);
			runOnlyForDeploymentPostprocessing = 0;
		};
/* End PBXSourcesBuildPhase section */

/* Begin PBXTargetDependency section */
		07A1AF5F1CC3580A0033C783 /* PBXTargetDependency */ = {
			isa = PBXTargetDependency;
			target = 07A1AF461CC3576F0033C783 /* JSONMatcher-iOS */;
			targetProxy = 07A1AF5E1CC3580A0033C783 /* PBXContainerItemProxy */;
		};
/* End PBXTargetDependency section */

/* Begin XCBuildConfiguration section */
		07A1AF4D1CC3576F0033C783 /* Debug */ = {
			isa = XCBuildConfiguration;
			buildSettings = {
				ALWAYS_SEARCH_USER_PATHS = NO;
				CLANG_ANALYZER_NONNULL = YES;
				CLANG_CXX_LANGUAGE_STANDARD = "gnu++0x";
				CLANG_CXX_LIBRARY = "libc++";
				CLANG_ENABLE_MODULES = YES;
				CLANG_ENABLE_OBJC_ARC = YES;
				CLANG_WARN_BOOL_CONVERSION = YES;
				CLANG_WARN_CONSTANT_CONVERSION = YES;
				CLANG_WARN_DIRECT_OBJC_ISA_USAGE = YES_ERROR;
				CLANG_WARN_EMPTY_BODY = YES;
				CLANG_WARN_ENUM_CONVERSION = YES;
				CLANG_WARN_INT_CONVERSION = YES;
				CLANG_WARN_OBJC_ROOT_CLASS = YES_ERROR;
				CLANG_WARN_UNREACHABLE_CODE = YES;
				CLANG_WARN__DUPLICATE_METHOD_MATCH = YES;
				"CODE_SIGN_IDENTITY[sdk=iphoneos*]" = "iPhone Developer";
				COPY_PHASE_STRIP = NO;
				CURRENT_PROJECT_VERSION = 1;
				DEBUG_INFORMATION_FORMAT = dwarf;
				EMBEDDED_CONTENT_CONTAINS_SWIFT = YES;
				ENABLE_STRICT_OBJC_MSGSEND = YES;
				ENABLE_TESTABILITY = YES;
				GCC_C_LANGUAGE_STANDARD = gnu99;
				GCC_DYNAMIC_NO_PIC = NO;
				GCC_NO_COMMON_BLOCKS = YES;
				GCC_OPTIMIZATION_LEVEL = 0;
				GCC_PREPROCESSOR_DEFINITIONS = (
					"DEBUG=1",
					"$(inherited)",
				);
				GCC_WARN_64_TO_32_BIT_CONVERSION = YES;
				GCC_WARN_ABOUT_RETURN_TYPE = YES_ERROR;
				GCC_WARN_UNDECLARED_SELECTOR = YES;
				GCC_WARN_UNINITIALIZED_AUTOS = YES_AGGRESSIVE;
				GCC_WARN_UNUSED_FUNCTION = YES;
				GCC_WARN_UNUSED_VARIABLE = YES;
				IPHONEOS_DEPLOYMENT_TARGET = 9.3;
				MTL_ENABLE_DEBUG_INFO = YES;
				ONLY_ACTIVE_ARCH = YES;
				SDKROOT = iphoneos;
				SWIFT_OPTIMIZATION_LEVEL = "-Onone";
				TARGETED_DEVICE_FAMILY = "1,2";
				VERSIONING_SYSTEM = "apple-generic";
				VERSION_INFO_PREFIX = "";
			};
			name = Debug;
		};
		07A1AF4E1CC3576F0033C783 /* Release */ = {
			isa = XCBuildConfiguration;
			buildSettings = {
				ALWAYS_SEARCH_USER_PATHS = NO;
				CLANG_ANALYZER_NONNULL = YES;
				CLANG_CXX_LANGUAGE_STANDARD = "gnu++0x";
				CLANG_CXX_LIBRARY = "libc++";
				CLANG_ENABLE_MODULES = YES;
				CLANG_ENABLE_OBJC_ARC = YES;
				CLANG_WARN_BOOL_CONVERSION = YES;
				CLANG_WARN_CONSTANT_CONVERSION = YES;
				CLANG_WARN_DIRECT_OBJC_ISA_USAGE = YES_ERROR;
				CLANG_WARN_EMPTY_BODY = YES;
				CLANG_WARN_ENUM_CONVERSION = YES;
				CLANG_WARN_INT_CONVERSION = YES;
				CLANG_WARN_OBJC_ROOT_CLASS = YES_ERROR;
				CLANG_WARN_UNREACHABLE_CODE = YES;
				CLANG_WARN__DUPLICATE_METHOD_MATCH = YES;
				"CODE_SIGN_IDENTITY[sdk=iphoneos*]" = "iPhone Developer";
				COPY_PHASE_STRIP = NO;
				CURRENT_PROJECT_VERSION = 1;
				DEBUG_INFORMATION_FORMAT = "dwarf-with-dsym";
				EMBEDDED_CONTENT_CONTAINS_SWIFT = YES;
				ENABLE_NS_ASSERTIONS = NO;
				ENABLE_STRICT_OBJC_MSGSEND = YES;
				GCC_C_LANGUAGE_STANDARD = gnu99;
				GCC_NO_COMMON_BLOCKS = YES;
				GCC_WARN_64_TO_32_BIT_CONVERSION = YES;
				GCC_WARN_ABOUT_RETURN_TYPE = YES_ERROR;
				GCC_WARN_UNDECLARED_SELECTOR = YES;
				GCC_WARN_UNINITIALIZED_AUTOS = YES_AGGRESSIVE;
				GCC_WARN_UNUSED_FUNCTION = YES;
				GCC_WARN_UNUSED_VARIABLE = YES;
				IPHONEOS_DEPLOYMENT_TARGET = 9.3;
				MTL_ENABLE_DEBUG_INFO = NO;
				SDKROOT = iphoneos;
				TARGETED_DEVICE_FAMILY = "1,2";
				VALIDATE_PRODUCT = YES;
				VERSIONING_SYSTEM = "apple-generic";
				VERSION_INFO_PREFIX = "";
			};
			name = Release;
		};
		07A1AF501CC3576F0033C783 /* Debug */ = {
			isa = XCBuildConfiguration;
			buildSettings = {
				CLANG_ENABLE_MODULES = YES;
				DEFINES_MODULE = YES;
				DYLIB_COMPATIBILITY_VERSION = 1;
				DYLIB_CURRENT_VERSION = 1;
				DYLIB_INSTALL_NAME_BASE = "@rpath";
				EMBEDDED_CONTENT_CONTAINS_SWIFT = YES;
				ENABLE_BITCODE = NO;
				FRAMEWORK_SEARCH_PATHS = (
					"$(inherited)",
					"$(PROJECT_DIR)/Carthage/Build/iOS",
					"$(PLATFORM_DIR)/Developer/Library/Frameworks",
				);
				INFOPLIST_FILE = Sources/JSONMatcher/Info.plist;
				INSTALL_PATH = "$(LOCAL_LIBRARY_DIR)/Frameworks";
				LD_RUNPATH_SEARCH_PATHS = "$(inherited) @executable_path/Frameworks @loader_path/Frameworks";
				ONLY_ACTIVE_ARCH = YES;
				OTHER_LDFLAGS = (
					"-weak_framework",
					XCTest,
					"-weak-lswiftXCTest",
				);
				PRODUCT_BUNDLE_IDENTIFIER = org.giginet.JSONMatcher;
				PRODUCT_NAME = JSONMatcher;
				SKIP_INSTALL = YES;
				SWIFT_OPTIMIZATION_LEVEL = "-Onone";
			};
			name = Debug;
		};
		07A1AF511CC3576F0033C783 /* Release */ = {
			isa = XCBuildConfiguration;
			buildSettings = {
				CLANG_ENABLE_MODULES = YES;
				DEFINES_MODULE = YES;
				DYLIB_COMPATIBILITY_VERSION = 1;
				DYLIB_CURRENT_VERSION = 1;
				DYLIB_INSTALL_NAME_BASE = "@rpath";
				EMBEDDED_CONTENT_CONTAINS_SWIFT = YES;
				ENABLE_BITCODE = NO;
				FRAMEWORK_SEARCH_PATHS = (
					"$(inherited)",
					"$(PROJECT_DIR)/Carthage/Build/iOS",
					"$(PLATFORM_DIR)/Developer/Library/Frameworks",
				);
				INFOPLIST_FILE = Sources/JSONMatcher/Info.plist;
				INSTALL_PATH = "$(LOCAL_LIBRARY_DIR)/Frameworks";
				LD_RUNPATH_SEARCH_PATHS = "$(inherited) @executable_path/Frameworks @loader_path/Frameworks";
				ONLY_ACTIVE_ARCH = NO;
				OTHER_LDFLAGS = (
					"-weak_framework",
					XCTest,
					"-weak-lswiftXCTest",
				);
				PRODUCT_BUNDLE_IDENTIFIER = org.giginet.JSONMatcher;
				PRODUCT_NAME = JSONMatcher;
				SKIP_INSTALL = YES;
			};
			name = Release;
		};
		07A1AF611CC3580A0033C783 /* Debug */ = {
			isa = XCBuildConfiguration;
			buildSettings = {
				CLANG_ENABLE_MODULES = YES;
				INFOPLIST_FILE = Tests/Info.plist;
				LD_RUNPATH_SEARCH_PATHS = "$(inherited) @executable_path/Frameworks @loader_path/Frameworks";
				PRODUCT_BUNDLE_IDENTIFIER = org.giginet.JSONMatcherTests;
				PRODUCT_NAME = "$(TARGET_NAME)";
				SWIFT_OPTIMIZATION_LEVEL = "-Onone";
			};
			name = Debug;
		};
		07A1AF621CC3580A0033C783 /* Release */ = {
			isa = XCBuildConfiguration;
			buildSettings = {
				CLANG_ENABLE_MODULES = YES;
				INFOPLIST_FILE = Tests/Info.plist;
				LD_RUNPATH_SEARCH_PATHS = "$(inherited) @executable_path/Frameworks @loader_path/Frameworks";
				PRODUCT_BUNDLE_IDENTIFIER = org.giginet.JSONMatcherTests;
				PRODUCT_NAME = "$(TARGET_NAME)";
			};
			name = Release;
		};
/* End XCBuildConfiguration section */

/* Begin XCConfigurationList section */
		07A1AF411CC3576F0033C783 /* Build configuration list for PBXProject "JSONMatcher" */ = {
			isa = XCConfigurationList;
			buildConfigurations = (
				07A1AF4D1CC3576F0033C783 /* Debug */,
				07A1AF4E1CC3576F0033C783 /* Release */,
			);
			defaultConfigurationIsVisible = 0;
			defaultConfigurationName = Release;
		};
		07A1AF4F1CC3576F0033C783 /* Build configuration list for PBXNativeTarget "JSONMatcher-iOS" */ = {
			isa = XCConfigurationList;
			buildConfigurations = (
				07A1AF501CC3576F0033C783 /* Debug */,
				07A1AF511CC3576F0033C783 /* Release */,
			);
			defaultConfigurationIsVisible = 0;
			defaultConfigurationName = Release;
		};
		07A1AF601CC3580A0033C783 /* Build configuration list for PBXNativeTarget "JSONMatcher-iOS Tests" */ = {
			isa = XCConfigurationList;
			buildConfigurations = (
				07A1AF611CC3580A0033C783 /* Debug */,
				07A1AF621CC3580A0033C783 /* Release */,
			);
			defaultConfigurationIsVisible = 0;
			defaultConfigurationName = Release;
		};
/* End XCConfigurationList section */
	};
	rootObject = 07A1AF3E1CC3576F0033C783 /* Project object */;
}
