// !$*UTF8*$!
{
	archiveVersion = 1;
	classes = {
	};
	objectVersion = 46;
	objects = {

/* Begin PBXBuildFile section */
		073742421CE4BFB6002A4A4B /* BeJSONIncluding.swift in Sources */ = {isa = PBXBuildFile; fileRef = 073742411CE4BFB6002A4A4B /* BeJSONIncluding.swift */; };
		077532CF1CEB4C3600E83F6C /* utils.swift in Sources */ = {isa = PBXBuildFile; fileRef = 077532CE1CEB4C3600E83F6C /* utils.swift */; };
		07805B271CC3852500101893 /* BeJSONAs.swift in Sources */ = {isa = PBXBuildFile; fileRef = 07805B261CC3852500101893 /* BeJSONAs.swift */; };
		07805B291CC386C900101893 /* Comparer.swift in Sources */ = {isa = PBXBuildFile; fileRef = 07805B281CC386C900101893 /* Comparer.swift */; };
		07805B301CC38E4600101893 /* Regex.swift in Sources */ = {isa = PBXBuildFile; fileRef = 07805B2F1CC38E4600101893 /* Regex.swift */; };
		079AC7851CF019A200A12B3B /* BaseTestCase.swift in Sources */ = {isa = PBXBuildFile; fileRef = 079AC77B1CF019A200A12B3B /* BaseTestCase.swift */; };
		079AC7861CF019A200A12B3B /* BaseTestCase.swift in Sources */ = {isa = PBXBuildFile; fileRef = 079AC77B1CF019A200A12B3B /* BaseTestCase.swift */; };
		079AC7871CF019A200A12B3B /* BaseTestCase.swift in Sources */ = {isa = PBXBuildFile; fileRef = 079AC77B1CF019A200A12B3B /* BaseTestCase.swift */; };
		079AC7881CF019A200A12B3B /* BeJSONAsTests.swift in Sources */ = {isa = PBXBuildFile; fileRef = 079AC77C1CF019A200A12B3B /* BeJSONAsTests.swift */; };
		079AC7891CF019A200A12B3B /* BeJSONAsTests.swift in Sources */ = {isa = PBXBuildFile; fileRef = 079AC77C1CF019A200A12B3B /* BeJSONAsTests.swift */; };
		079AC78A1CF019A200A12B3B /* BeJSONAsTests.swift in Sources */ = {isa = PBXBuildFile; fileRef = 079AC77C1CF019A200A12B3B /* BeJSONAsTests.swift */; };
		079AC78B1CF019A200A12B3B /* BeJSONIncludingTests.swift in Sources */ = {isa = PBXBuildFile; fileRef = 079AC77D1CF019A200A12B3B /* BeJSONIncludingTests.swift */; };
		079AC78C1CF019A200A12B3B /* BeJSONIncludingTests.swift in Sources */ = {isa = PBXBuildFile; fileRef = 079AC77D1CF019A200A12B3B /* BeJSONIncludingTests.swift */; };
		079AC78D1CF019A200A12B3B /* BeJSONIncludingTests.swift in Sources */ = {isa = PBXBuildFile; fileRef = 079AC77D1CF019A200A12B3B /* BeJSONIncludingTests.swift */; };
		079AC78E1CF019A200A12B3B /* BeJSONTests.swift in Sources */ = {isa = PBXBuildFile; fileRef = 079AC77E1CF019A200A12B3B /* BeJSONTests.swift */; };
		079AC78F1CF019A200A12B3B /* BeJSONTests.swift in Sources */ = {isa = PBXBuildFile; fileRef = 079AC77E1CF019A200A12B3B /* BeJSONTests.swift */; };
		079AC7901CF019A200A12B3B /* BeJSONTests.swift in Sources */ = {isa = PBXBuildFile; fileRef = 079AC77E1CF019A200A12B3B /* BeJSONTests.swift */; };
		079AC7911CF019A200A12B3B /* BuilderTests.swift in Sources */ = {isa = PBXBuildFile; fileRef = 079AC77F1CF019A200A12B3B /* BuilderTests.swift */; };
		079AC7921CF019A200A12B3B /* BuilderTests.swift in Sources */ = {isa = PBXBuildFile; fileRef = 079AC77F1CF019A200A12B3B /* BuilderTests.swift */; };
		079AC7931CF019A200A12B3B /* BuilderTests.swift in Sources */ = {isa = PBXBuildFile; fileRef = 079AC77F1CF019A200A12B3B /* BuilderTests.swift */; };
		079AC7941CF019A200A12B3B /* ComparerTests.swift in Sources */ = {isa = PBXBuildFile; fileRef = 079AC7801CF019A200A12B3B /* ComparerTests.swift */; };
		079AC7951CF019A200A12B3B /* ComparerTests.swift in Sources */ = {isa = PBXBuildFile; fileRef = 079AC7801CF019A200A12B3B /* ComparerTests.swift */; };
		079AC7961CF019A200A12B3B /* ComparerTests.swift in Sources */ = {isa = PBXBuildFile; fileRef = 079AC7801CF019A200A12B3B /* ComparerTests.swift */; };
		079AC7971CF019A200A12B3B /* ElementTests.swift in Sources */ = {isa = PBXBuildFile; fileRef = 079AC7811CF019A200A12B3B /* ElementTests.swift */; };
		079AC7981CF019A200A12B3B /* ElementTests.swift in Sources */ = {isa = PBXBuildFile; fileRef = 079AC7811CF019A200A12B3B /* ElementTests.swift */; };
		079AC7991CF019A200A12B3B /* ElementTests.swift in Sources */ = {isa = PBXBuildFile; fileRef = 079AC7811CF019A200A12B3B /* ElementTests.swift */; };
		079AC79A1CF019A200A12B3B /* ExampleTests.swift in Sources */ = {isa = PBXBuildFile; fileRef = 079AC7821CF019A200A12B3B /* ExampleTests.swift */; };
		079AC79B1CF019A200A12B3B /* ExampleTests.swift in Sources */ = {isa = PBXBuildFile; fileRef = 079AC7821CF019A200A12B3B /* ExampleTests.swift */; };
		079AC79C1CF019A200A12B3B /* ExampleTests.swift in Sources */ = {isa = PBXBuildFile; fileRef = 079AC7821CF019A200A12B3B /* ExampleTests.swift */; };
		079AC7A01CF019A200A12B3B /* RegexTests.swift in Sources */ = {isa = PBXBuildFile; fileRef = 079AC7841CF019A200A12B3B /* RegexTests.swift */; };
		079AC7A11CF019A200A12B3B /* RegexTests.swift in Sources */ = {isa = PBXBuildFile; fileRef = 079AC7841CF019A200A12B3B /* RegexTests.swift */; };
		079AC7A21CF019A200A12B3B /* RegexTests.swift in Sources */ = {isa = PBXBuildFile; fileRef = 079AC7841CF019A200A12B3B /* RegexTests.swift */; };
		079AC7A51CF019AB00A12B3B /* pikachu.json in Resources */ = {isa = PBXBuildFile; fileRef = 079AC7A31CF019AB00A12B3B /* pikachu.json */; };
		079AC7A61CF019AB00A12B3B /* pikachu.json in Resources */ = {isa = PBXBuildFile; fileRef = 079AC7A31CF019AB00A12B3B /* pikachu.json */; };
		079AC7A71CF019AB00A12B3B /* pikachu.json in Resources */ = {isa = PBXBuildFile; fileRef = 079AC7A31CF019AB00A12B3B /* pikachu.json */; };
		079AC7A81CF019AB00A12B3B /* snorlax.json in Resources */ = {isa = PBXBuildFile; fileRef = 079AC7A41CF019AB00A12B3B /* snorlax.json */; };
		079AC7A91CF019AB00A12B3B /* snorlax.json in Resources */ = {isa = PBXBuildFile; fileRef = 079AC7A41CF019AB00A12B3B /* snorlax.json */; };
		079AC7AA1CF019AB00A12B3B /* snorlax.json in Resources */ = {isa = PBXBuildFile; fileRef = 079AC7A41CF019AB00A12B3B /* snorlax.json */; };
		07A1AF531CC357C90033C783 /* JSONMatcher.h in Headers */ = {isa = PBXBuildFile; fileRef = 07A1AF521CC357C90033C783 /* JSONMatcher.h */; settings = {ATTRIBUTES = (Public, ); }; };
		07A1AF5D1CC3580A0033C783 /* JSONMatcher.framework in Frameworks */ = {isa = PBXBuildFile; fileRef = 07A1AF471CC3576F0033C783 /* JSONMatcher.framework */; };
		07A1AF721CC35A740033C783 /* BeJSON.swift in Sources */ = {isa = PBXBuildFile; fileRef = 07A1AF711CC35A740033C783 /* BeJSON.swift */; };
		07D2ED7F1CCCDAA6003A5430 /* Type.swift in Sources */ = {isa = PBXBuildFile; fileRef = 07D2ED7E1CCCDAA6003A5430 /* Type.swift */; };
		07FCACF61CEF2D6000FD7D41 /* JSONMatcher.framework in Frameworks */ = {isa = PBXBuildFile; fileRef = 07FCACEC1CEF2D5F00FD7D41 /* JSONMatcher.framework */; };
		07FCAD121CEF2D7800FD7D41 /* JSONMatcher.framework in Frameworks */ = {isa = PBXBuildFile; fileRef = 07FCAD081CEF2D7700FD7D41 /* JSONMatcher.framework */; };
		07FCAD1F1CEF3C0600FD7D41 /* BeJSON.swift in Sources */ = {isa = PBXBuildFile; fileRef = 07A1AF711CC35A740033C783 /* BeJSON.swift */; };
		07FCAD201CEF3C0800FD7D41 /* BeJSONAs.swift in Sources */ = {isa = PBXBuildFile; fileRef = 07805B261CC3852500101893 /* BeJSONAs.swift */; };
		07FCAD211CEF3C0900FD7D41 /* BeJSONIncluding.swift in Sources */ = {isa = PBXBuildFile; fileRef = 073742411CE4BFB6002A4A4B /* BeJSONIncluding.swift */; };
		07FCAD221CEF3C0C00FD7D41 /* Comparer.swift in Sources */ = {isa = PBXBuildFile; fileRef = 07805B281CC386C900101893 /* Comparer.swift */; };
		07FCAD231CEF3C1D00FD7D41 /* Extractor.swift in Sources */ = {isa = PBXBuildFile; fileRef = 540A8CCC1CDA49430050D3E4 /* Extractor.swift */; };
		07FCAD241CEF3C1D00FD7D41 /* Regex.swift in Sources */ = {isa = PBXBuildFile; fileRef = 07805B2F1CC38E4600101893 /* Regex.swift */; };
		07FCAD251CEF3C1D00FD7D41 /* Element.swift in Sources */ = {isa = PBXBuildFile; fileRef = 54E062401CCE1BFE00C174E1 /* Element.swift */; };
		07FCAD261CEF3C1D00FD7D41 /* Builder.swift in Sources */ = {isa = PBXBuildFile; fileRef = 54E062421CCE1D7B00C174E1 /* Builder.swift */; };
		07FCAD271CEF3C1D00FD7D41 /* Type.swift in Sources */ = {isa = PBXBuildFile; fileRef = 07D2ED7E1CCCDAA6003A5430 /* Type.swift */; };
		07FCAD331CEF3CFE00FD7D41 /* utils.swift in Sources */ = {isa = PBXBuildFile; fileRef = 077532CE1CEB4C3600E83F6C /* utils.swift */; };
		07FCAD351CEF3D4800FD7D41 /* Nimble.framework in Frameworks */ = {isa = PBXBuildFile; fileRef = 07FCAD341CEF3D4800FD7D41 /* Nimble.framework */; };
		07FCAD361CEF3D6100FD7D41 /* Nimble.framework in Frameworks */ = {isa = PBXBuildFile; fileRef = 07FCAD341CEF3D4800FD7D41 /* Nimble.framework */; };
		07FCAD3A1CEF431400FD7D41 /* Nimble.framework in Frameworks */ = {isa = PBXBuildFile; fileRef = 07FCAD391CEF431400FD7D41 /* Nimble.framework */; };
		07FCAD3B1CEF446A00FD7D41 /* Nimble.framework in Frameworks */ = {isa = PBXBuildFile; fileRef = 07FCAD391CEF431400FD7D41 /* Nimble.framework */; };
		07FCAD3D1CEF482C00FD7D41 /* Nimble.framework in Frameworks */ = {isa = PBXBuildFile; fileRef = 07FCAD3C1CEF482C00FD7D41 /* Nimble.framework */; };
		07FCAD491CEF485800FD7D41 /* BeJSON.swift in Sources */ = {isa = PBXBuildFile; fileRef = 07A1AF711CC35A740033C783 /* BeJSON.swift */; };
		07FCAD4A1CEF485800FD7D41 /* BeJSONAs.swift in Sources */ = {isa = PBXBuildFile; fileRef = 07805B261CC3852500101893 /* BeJSONAs.swift */; };
		07FCAD4B1CEF485800FD7D41 /* BeJSONIncluding.swift in Sources */ = {isa = PBXBuildFile; fileRef = 073742411CE4BFB6002A4A4B /* BeJSONIncluding.swift */; };
		07FCAD4C1CEF485800FD7D41 /* Comparer.swift in Sources */ = {isa = PBXBuildFile; fileRef = 07805B281CC386C900101893 /* Comparer.swift */; };
		07FCAD4D1CEF485800FD7D41 /* Extractor.swift in Sources */ = {isa = PBXBuildFile; fileRef = 540A8CCC1CDA49430050D3E4 /* Extractor.swift */; };
		07FCAD4E1CEF485800FD7D41 /* Regex.swift in Sources */ = {isa = PBXBuildFile; fileRef = 07805B2F1CC38E4600101893 /* Regex.swift */; };
		07FCAD4F1CEF485800FD7D41 /* Element.swift in Sources */ = {isa = PBXBuildFile; fileRef = 54E062401CCE1BFE00C174E1 /* Element.swift */; };
		07FCAD501CEF485800FD7D41 /* Builder.swift in Sources */ = {isa = PBXBuildFile; fileRef = 54E062421CCE1D7B00C174E1 /* Builder.swift */; };
		07FCAD511CEF485800FD7D41 /* Type.swift in Sources */ = {isa = PBXBuildFile; fileRef = 07D2ED7E1CCCDAA6003A5430 /* Type.swift */; };
		07FCAD531CEF486200FD7D41 /* Nimble.framework in Frameworks */ = {isa = PBXBuildFile; fileRef = 07FCAD521CEF486200FD7D41 /* Nimble.framework */; };
		07FCAD5A1CEF488600FD7D41 /* utils.swift in Sources */ = {isa = PBXBuildFile; fileRef = 077532CE1CEB4C3600E83F6C /* utils.swift */; };
		540A8CCD1CDA49430050D3E4 /* Extractor.swift in Sources */ = {isa = PBXBuildFile; fileRef = 540A8CCC1CDA49430050D3E4 /* Extractor.swift */; };
		54E062411CCE1BFE00C174E1 /* Element.swift in Sources */ = {isa = PBXBuildFile; fileRef = 54E062401CCE1BFE00C174E1 /* Element.swift */; };
		54E062431CCE1D7B00C174E1 /* Builder.swift in Sources */ = {isa = PBXBuildFile; fileRef = 54E062421CCE1D7B00C174E1 /* Builder.swift */; };
/* End PBXBuildFile section */

/* Begin PBXContainerItemProxy section */
		07A1AF5E1CC3580A0033C783 /* PBXContainerItemProxy */ = {
			isa = PBXContainerItemProxy;
			containerPortal = 07A1AF3E1CC3576F0033C783 /* Project object */;
			proxyType = 1;
			remoteGlobalIDString = 07A1AF461CC3576F0033C783;
			remoteInfo = JSONMatcher;
		};
		07FCACF71CEF2D6000FD7D41 /* PBXContainerItemProxy */ = {
			isa = PBXContainerItemProxy;
			containerPortal = 07A1AF3E1CC3576F0033C783 /* Project object */;
			proxyType = 1;
			remoteGlobalIDString = 07FCACEB1CEF2D5F00FD7D41;
			remoteInfo = "JSONMatcher-OSX";
		};
		07FCAD131CEF2D7800FD7D41 /* PBXContainerItemProxy */ = {
			isa = PBXContainerItemProxy;
			containerPortal = 07A1AF3E1CC3576F0033C783 /* Project object */;
			proxyType = 1;
			remoteGlobalIDString = 07FCAD071CEF2D7700FD7D41;
			remoteInfo = "JSONMatcher-tvOS";
		};
/* End PBXContainerItemProxy section */

/* Begin PBXFileReference section */
		073742411CE4BFB6002A4A4B /* BeJSONIncluding.swift */ = {isa = PBXFileReference; fileEncoding = 4; lastKnownFileType = sourcecode.swift; path = BeJSONIncluding.swift; sourceTree = "<group>"; };
		077532CE1CEB4C3600E83F6C /* utils.swift */ = {isa = PBXFileReference; lastKnownFileType = sourcecode.swift; name = utils.swift; path = ../Carthage/Checkouts/Nimble/Tests/NimbleTests/Helpers/utils.swift; sourceTree = "<group>"; };
		07805B261CC3852500101893 /* BeJSONAs.swift */ = {isa = PBXFileReference; fileEncoding = 4; lastKnownFileType = sourcecode.swift; path = BeJSONAs.swift; sourceTree = "<group>"; };
		07805B281CC386C900101893 /* Comparer.swift */ = {isa = PBXFileReference; fileEncoding = 4; lastKnownFileType = sourcecode.swift; name = Comparer.swift; path = Sources/JSONMatcher/Comparer.swift; sourceTree = SOURCE_ROOT; };
		07805B2F1CC38E4600101893 /* Regex.swift */ = {isa = PBXFileReference; fileEncoding = 4; lastKnownFileType = sourcecode.swift; name = Regex.swift; path = Sources/JSONMatcher/Regex.swift; sourceTree = SOURCE_ROOT; };
		079AC77B1CF019A200A12B3B /* BaseTestCase.swift */ = {isa = PBXFileReference; fileEncoding = 4; lastKnownFileType = sourcecode.swift; name = BaseTestCase.swift; path = JSONMatcher/BaseTestCase.swift; sourceTree = "<group>"; };
		079AC77C1CF019A200A12B3B /* BeJSONAsTests.swift */ = {isa = PBXFileReference; fileEncoding = 4; lastKnownFileType = sourcecode.swift; name = BeJSONAsTests.swift; path = JSONMatcher/BeJSONAsTests.swift; sourceTree = "<group>"; };
		079AC77D1CF019A200A12B3B /* BeJSONIncludingTests.swift */ = {isa = PBXFileReference; fileEncoding = 4; lastKnownFileType = sourcecode.swift; name = BeJSONIncludingTests.swift; path = JSONMatcher/BeJSONIncludingTests.swift; sourceTree = "<group>"; };
		079AC77E1CF019A200A12B3B /* BeJSONTests.swift */ = {isa = PBXFileReference; fileEncoding = 4; lastKnownFileType = sourcecode.swift; name = BeJSONTests.swift; path = JSONMatcher/BeJSONTests.swift; sourceTree = "<group>"; };
		079AC77F1CF019A200A12B3B /* BuilderTests.swift */ = {isa = PBXFileReference; fileEncoding = 4; lastKnownFileType = sourcecode.swift; name = BuilderTests.swift; path = JSONMatcher/BuilderTests.swift; sourceTree = "<group>"; };
		079AC7801CF019A200A12B3B /* ComparerTests.swift */ = {isa = PBXFileReference; fileEncoding = 4; lastKnownFileType = sourcecode.swift; name = ComparerTests.swift; path = JSONMatcher/ComparerTests.swift; sourceTree = "<group>"; };
		079AC7811CF019A200A12B3B /* ElementTests.swift */ = {isa = PBXFileReference; fileEncoding = 4; lastKnownFileType = sourcecode.swift; name = ElementTests.swift; path = JSONMatcher/ElementTests.swift; sourceTree = "<group>"; };
		079AC7821CF019A200A12B3B /* ExampleTests.swift */ = {isa = PBXFileReference; fileEncoding = 4; lastKnownFileType = sourcecode.swift; name = ExampleTests.swift; path = JSONMatcher/ExampleTests.swift; sourceTree = "<group>"; };
		079AC7831CF019A200A12B3B /* Info.plist */ = {isa = PBXFileReference; fileEncoding = 4; lastKnownFileType = text.plist.xml; name = Info.plist; path = JSONMatcher/Info.plist; sourceTree = "<group>"; };
		079AC7841CF019A200A12B3B /* RegexTests.swift */ = {isa = PBXFileReference; fileEncoding = 4; lastKnownFileType = sourcecode.swift; name = RegexTests.swift; path = JSONMatcher/RegexTests.swift; sourceTree = "<group>"; };
		079AC7A31CF019AB00A12B3B /* pikachu.json */ = {isa = PBXFileReference; fileEncoding = 4; lastKnownFileType = text.json; name = pikachu.json; path = JSONMatcher/fixtures/pikachu.json; sourceTree = "<group>"; };
		079AC7A41CF019AB00A12B3B /* snorlax.json */ = {isa = PBXFileReference; fileEncoding = 4; lastKnownFileType = text.json; name = snorlax.json; path = JSONMatcher/fixtures/snorlax.json; sourceTree = "<group>"; };
		07A1AF471CC3576F0033C783 /* JSONMatcher.framework */ = {isa = PBXFileReference; explicitFileType = wrapper.framework; includeInIndex = 0; path = JSONMatcher.framework; sourceTree = BUILT_PRODUCTS_DIR; };
		07A1AF521CC357C90033C783 /* JSONMatcher.h */ = {isa = PBXFileReference; fileEncoding = 4; lastKnownFileType = sourcecode.c.h; name = JSONMatcher.h; path = Sources/JSONMatcher/JSONMatcher.h; sourceTree = SOURCE_ROOT; };
		07A1AF581CC3580A0033C783 /* JSONMatcher-iOSTests.xctest */ = {isa = PBXFileReference; explicitFileType = wrapper.cfbundle; includeInIndex = 0; path = "JSONMatcher-iOSTests.xctest"; sourceTree = BUILT_PRODUCTS_DIR; };
		07A1AF681CC3583A0033C783 /* Info.plist */ = {isa = PBXFileReference; lastKnownFileType = text.plist.xml; name = Info.plist; path = Sources/JSONMatcher/Info.plist; sourceTree = SOURCE_ROOT; };
		07A1AF711CC35A740033C783 /* BeJSON.swift */ = {isa = PBXFileReference; fileEncoding = 4; lastKnownFileType = sourcecode.swift; path = BeJSON.swift; sourceTree = "<group>"; };
		07D2ED7E1CCCDAA6003A5430 /* Type.swift */ = {isa = PBXFileReference; fileEncoding = 4; lastKnownFileType = sourcecode.swift; name = Type.swift; path = Sources/JSONMatcher/Type.swift; sourceTree = SOURCE_ROOT; };
		07FCACEC1CEF2D5F00FD7D41 /* JSONMatcher.framework */ = {isa = PBXFileReference; explicitFileType = wrapper.framework; includeInIndex = 0; path = JSONMatcher.framework; sourceTree = BUILT_PRODUCTS_DIR; };
		07FCACF51CEF2D6000FD7D41 /* JSONMatcherOSXTests.xctest */ = {isa = PBXFileReference; explicitFileType = wrapper.cfbundle; includeInIndex = 0; path = JSONMatcherOSXTests.xctest; sourceTree = BUILT_PRODUCTS_DIR; };
		07FCAD081CEF2D7700FD7D41 /* JSONMatcher.framework */ = {isa = PBXFileReference; explicitFileType = wrapper.framework; includeInIndex = 0; path = JSONMatcher.framework; sourceTree = BUILT_PRODUCTS_DIR; };
		07FCAD111CEF2D7700FD7D41 /* JSONMatchertvOSTests.xctest */ = {isa = PBXFileReference; explicitFileType = wrapper.cfbundle; includeInIndex = 0; path = JSONMatchertvOSTests.xctest; sourceTree = BUILT_PRODUCTS_DIR; };
		07FCAD341CEF3D4800FD7D41 /* Nimble.framework */ = {isa = PBXFileReference; lastKnownFileType = wrapper.framework; name = Nimble.framework; path = Carthage/Build/iOS/Nimble.framework; sourceTree = "<group>"; };
		07FCAD391CEF431400FD7D41 /* Nimble.framework */ = {isa = PBXFileReference; lastKnownFileType = wrapper.framework; name = Nimble.framework; path = Carthage/Build/Mac/Nimble.framework; sourceTree = "<group>"; };
		07FCAD3C1CEF482C00FD7D41 /* Nimble.framework */ = {isa = PBXFileReference; lastKnownFileType = wrapper.framework; name = Nimble.framework; path = "../../Develop/Debug-appletvos/Nimble.framework"; sourceTree = "<group>"; };
		07FCAD521CEF486200FD7D41 /* Nimble.framework */ = {isa = PBXFileReference; lastKnownFileType = wrapper.framework; name = Nimble.framework; path = "../../Develop/Debug-appletvos/Nimble.framework"; sourceTree = "<group>"; };
		540A8CCC1CDA49430050D3E4 /* Extractor.swift */ = {isa = PBXFileReference; fileEncoding = 4; lastKnownFileType = sourcecode.swift; name = Extractor.swift; path = Sources/JSONMatcher/Extractor.swift; sourceTree = SOURCE_ROOT; };
		54E062401CCE1BFE00C174E1 /* Element.swift */ = {isa = PBXFileReference; fileEncoding = 4; lastKnownFileType = sourcecode.swift; name = Element.swift; path = Sources/JSONMatcher/Element.swift; sourceTree = SOURCE_ROOT; };
		54E062421CCE1D7B00C174E1 /* Builder.swift */ = {isa = PBXFileReference; fileEncoding = 4; lastKnownFileType = sourcecode.swift; name = Builder.swift; path = Sources/JSONMatcher/Builder.swift; sourceTree = SOURCE_ROOT; };
/* End PBXFileReference section */

/* Begin PBXFrameworksBuildPhase section */
		07A1AF431CC3576F0033C783 /* Frameworks */ = {
			isa = PBXFrameworksBuildPhase;
			buildActionMask = 2147483647;
			files = (
				07FCAD351CEF3D4800FD7D41 /* Nimble.framework in Frameworks */,
			);
			runOnlyForDeploymentPostprocessing = 0;
		};
		07A1AF551CC3580A0033C783 /* Frameworks */ = {
			isa = PBXFrameworksBuildPhase;
			buildActionMask = 2147483647;
			files = (
				07FCAD361CEF3D6100FD7D41 /* Nimble.framework in Frameworks */,
				07A1AF5D1CC3580A0033C783 /* JSONMatcher.framework in Frameworks */,
			);
			runOnlyForDeploymentPostprocessing = 0;
		};
		07FCACE81CEF2D5F00FD7D41 /* Frameworks */ = {
			isa = PBXFrameworksBuildPhase;
			buildActionMask = 2147483647;
			files = (
				07FCAD3B1CEF446A00FD7D41 /* Nimble.framework in Frameworks */,
			);
			runOnlyForDeploymentPostprocessing = 0;
		};
		07FCACF21CEF2D6000FD7D41 /* Frameworks */ = {
			isa = PBXFrameworksBuildPhase;
			buildActionMask = 2147483647;
			files = (
				07FCAD3A1CEF431400FD7D41 /* Nimble.framework in Frameworks */,
				07FCACF61CEF2D6000FD7D41 /* JSONMatcher.framework in Frameworks */,
			);
			runOnlyForDeploymentPostprocessing = 0;
		};
		07FCAD041CEF2D7700FD7D41 /* Frameworks */ = {
			isa = PBXFrameworksBuildPhase;
			buildActionMask = 2147483647;
			files = (
				07FCAD3D1CEF482C00FD7D41 /* Nimble.framework in Frameworks */,
			);
			runOnlyForDeploymentPostprocessing = 0;
		};
		07FCAD0E1CEF2D7700FD7D41 /* Frameworks */ = {
			isa = PBXFrameworksBuildPhase;
			buildActionMask = 2147483647;
			files = (
				07FCAD531CEF486200FD7D41 /* Nimble.framework in Frameworks */,
				07FCAD121CEF2D7800FD7D41 /* JSONMatcher.framework in Frameworks */,
			);
			runOnlyForDeploymentPostprocessing = 0;
		};
/* End PBXFrameworksBuildPhase section */

/* Begin PBXGroup section */
		07805B2E1CC38AC500101893 /* fixtures */ = {
			isa = PBXGroup;
			children = (
				079AC7A31CF019AB00A12B3B /* pikachu.json */,
				079AC7A41CF019AB00A12B3B /* snorlax.json */,
			);
			name = fixtures;
			sourceTree = "<group>";
		};
		07A1AF3D1CC3576F0033C783 = {
			isa = PBXGroup;
			children = (
				07FCAD5C1CEF4C5000FD7D41 /* Frameworks */,
				07A1AF491CC3576F0033C783 /* JSONMatcher */,
				07A1AF631CC3582E0033C783 /* Tests */,
				07A1AF481CC3576F0033C783 /* Products */,
			);
			sourceTree = "<group>";
		};
		07A1AF481CC3576F0033C783 /* Products */ = {
			isa = PBXGroup;
			children = (
				07A1AF471CC3576F0033C783 /* JSONMatcher.framework */,
				07A1AF581CC3580A0033C783 /* JSONMatcher-iOSTests.xctest */,
				07FCACEC1CEF2D5F00FD7D41 /* JSONMatcher.framework */,
				07FCACF51CEF2D6000FD7D41 /* JSONMatcherOSXTests.xctest */,
				07FCAD081CEF2D7700FD7D41 /* JSONMatcher.framework */,
				07FCAD111CEF2D7700FD7D41 /* JSONMatchertvOSTests.xctest */,
			);
			name = Products;
			sourceTree = "<group>";
		};
		07A1AF491CC3576F0033C783 /* JSONMatcher */ = {
			isa = PBXGroup;
			children = (
				07A1AF681CC3583A0033C783 /* Info.plist */,
				07A1AF521CC357C90033C783 /* JSONMatcher.h */,
				07A1AF701CC35A740033C783 /* Matcher */,
				07805B281CC386C900101893 /* Comparer.swift */,
				540A8CCC1CDA49430050D3E4 /* Extractor.swift */,
				07805B2F1CC38E4600101893 /* Regex.swift */,
				54E062401CCE1BFE00C174E1 /* Element.swift */,
				54E062421CCE1D7B00C174E1 /* Builder.swift */,
				07D2ED7E1CCCDAA6003A5430 /* Type.swift */,
			);
			path = JSONMatcher;
			sourceTree = "<group>";
		};
		07A1AF631CC3582E0033C783 /* Tests */ = {
			isa = PBXGroup;
			children = (
				07805B2E1CC38AC500101893 /* fixtures */,
				077532CE1CEB4C3600E83F6C /* utils.swift */,
				079AC77B1CF019A200A12B3B /* BaseTestCase.swift */,
				079AC77C1CF019A200A12B3B /* BeJSONAsTests.swift */,
				079AC77D1CF019A200A12B3B /* BeJSONIncludingTests.swift */,
				079AC77E1CF019A200A12B3B /* BeJSONTests.swift */,
				079AC77F1CF019A200A12B3B /* BuilderTests.swift */,
				079AC7801CF019A200A12B3B /* ComparerTests.swift */,
				079AC7811CF019A200A12B3B /* ElementTests.swift */,
				079AC7821CF019A200A12B3B /* ExampleTests.swift */,
				079AC7831CF019A200A12B3B /* Info.plist */,
				079AC7841CF019A200A12B3B /* RegexTests.swift */,
			);
			path = Tests;
			sourceTree = "<group>";
		};
		07A1AF701CC35A740033C783 /* Matcher */ = {
			isa = PBXGroup;
			children = (
				07A1AF711CC35A740033C783 /* BeJSON.swift */,
				07805B261CC3852500101893 /* BeJSONAs.swift */,
				073742411CE4BFB6002A4A4B /* BeJSONIncluding.swift */,
			);
			name = Matcher;
			path = Sources/JSONMatcher/Matcher;
			sourceTree = SOURCE_ROOT;
		};
		07FCAD5C1CEF4C5000FD7D41 /* Frameworks */ = {
			isa = PBXGroup;
			children = (
				07FCAD521CEF486200FD7D41 /* Nimble.framework */,
				07FCAD3C1CEF482C00FD7D41 /* Nimble.framework */,
				07FCAD391CEF431400FD7D41 /* Nimble.framework */,
				07FCAD341CEF3D4800FD7D41 /* Nimble.framework */,
			);
			name = Frameworks;
			sourceTree = "<group>";
		};
/* End PBXGroup section */

/* Begin PBXHeadersBuildPhase section */
		07A1AF441CC3576F0033C783 /* Headers */ = {
			isa = PBXHeadersBuildPhase;
			buildActionMask = 2147483647;
			files = (
				07A1AF531CC357C90033C783 /* JSONMatcher.h in Headers */,
			);
			runOnlyForDeploymentPostprocessing = 0;
		};
		07FCACE91CEF2D5F00FD7D41 /* Headers */ = {
			isa = PBXHeadersBuildPhase;
			buildActionMask = 2147483647;
			files = (
			);
			runOnlyForDeploymentPostprocessing = 0;
		};
		07FCAD051CEF2D7700FD7D41 /* Headers */ = {
			isa = PBXHeadersBuildPhase;
			buildActionMask = 2147483647;
			files = (
			);
			runOnlyForDeploymentPostprocessing = 0;
		};
/* End PBXHeadersBuildPhase section */

/* Begin PBXNativeTarget section */
		07A1AF461CC3576F0033C783 /* JSONMatcher-iOS */ = {
			isa = PBXNativeTarget;
			buildConfigurationList = 07A1AF4F1CC3576F0033C783 /* Build configuration list for PBXNativeTarget "JSONMatcher-iOS" */;
			buildPhases = (
				07A1AF421CC3576F0033C783 /* Sources */,
				07A1AF431CC3576F0033C783 /* Frameworks */,
				07A1AF441CC3576F0033C783 /* Headers */,
				07A1AF451CC3576F0033C783 /* Resources */,
			);
			buildRules = (
			);
			dependencies = (
			);
			name = "JSONMatcher-iOS";
			productName = JSONMatcher;
			productReference = 07A1AF471CC3576F0033C783 /* JSONMatcher.framework */;
			productType = "com.apple.product-type.framework";
		};
		07A1AF571CC3580A0033C783 /* JSONMatcher-iOSTests */ = {
			isa = PBXNativeTarget;
			buildConfigurationList = 07A1AF601CC3580A0033C783 /* Build configuration list for PBXNativeTarget "JSONMatcher-iOSTests" */;
			buildPhases = (
				07A1AF541CC3580A0033C783 /* Sources */,
				07A1AF551CC3580A0033C783 /* Frameworks */,
				07A1AF561CC3580A0033C783 /* Resources */,
			);
			buildRules = (
			);
			dependencies = (
				07A1AF5F1CC3580A0033C783 /* PBXTargetDependency */,
			);
			name = "JSONMatcher-iOSTests";
			productName = JSONMatcherTests;
			productReference = 07A1AF581CC3580A0033C783 /* JSONMatcher-iOSTests.xctest */;
			productType = "com.apple.product-type.bundle.unit-test";
		};
		07FCACEB1CEF2D5F00FD7D41 /* JSONMatcher-OSX */ = {
			isa = PBXNativeTarget;
			buildConfigurationList = 07FCAD011CEF2D6000FD7D41 /* Build configuration list for PBXNativeTarget "JSONMatcher-OSX" */;
			buildPhases = (
				07FCACE71CEF2D5F00FD7D41 /* Sources */,
				07FCACE81CEF2D5F00FD7D41 /* Frameworks */,
				07FCACE91CEF2D5F00FD7D41 /* Headers */,
				07FCACEA1CEF2D5F00FD7D41 /* Resources */,
			);
			buildRules = (
			);
			dependencies = (
			);
			name = "JSONMatcher-OSX";
			productName = "JSONMatcher-OSX";
			productReference = 07FCACEC1CEF2D5F00FD7D41 /* JSONMatcher.framework */;
			productType = "com.apple.product-type.framework";
		};
		07FCACF41CEF2D6000FD7D41 /* JSONMatcher-OSXTests */ = {
			isa = PBXNativeTarget;
			buildConfigurationList = 07FCAD021CEF2D6000FD7D41 /* Build configuration list for PBXNativeTarget "JSONMatcher-OSXTests" */;
			buildPhases = (
				07FCACF11CEF2D6000FD7D41 /* Sources */,
				07FCACF21CEF2D6000FD7D41 /* Frameworks */,
				07FCACF31CEF2D6000FD7D41 /* Resources */,
			);
			buildRules = (
			);
			dependencies = (
				07FCACF81CEF2D6000FD7D41 /* PBXTargetDependency */,
			);
			name = "JSONMatcher-OSXTests";
			productName = "JSONMatcher-OSXTests";
			productReference = 07FCACF51CEF2D6000FD7D41 /* JSONMatcherOSXTests.xctest */;
			productType = "com.apple.product-type.bundle.unit-test";
		};
		07FCAD071CEF2D7700FD7D41 /* JSONMatcher-tvOS */ = {
			isa = PBXNativeTarget;
			buildConfigurationList = 07FCAD191CEF2D7800FD7D41 /* Build configuration list for PBXNativeTarget "JSONMatcher-tvOS" */;
			buildPhases = (
				07FCAD031CEF2D7700FD7D41 /* Sources */,
				07FCAD041CEF2D7700FD7D41 /* Frameworks */,
				07FCAD051CEF2D7700FD7D41 /* Headers */,
				07FCAD061CEF2D7700FD7D41 /* Resources */,
			);
			buildRules = (
			);
			dependencies = (
			);
			name = "JSONMatcher-tvOS";
			productName = "JSONMatcher-tvOS";
			productReference = 07FCAD081CEF2D7700FD7D41 /* JSONMatcher.framework */;
			productType = "com.apple.product-type.framework";
		};
		07FCAD101CEF2D7700FD7D41 /* JSONMatcher-tvOSTests */ = {
			isa = PBXNativeTarget;
			buildConfigurationList = 07FCAD1C1CEF2D7800FD7D41 /* Build configuration list for PBXNativeTarget "JSONMatcher-tvOSTests" */;
			buildPhases = (
				07FCAD0D1CEF2D7700FD7D41 /* Sources */,
				07FCAD0E1CEF2D7700FD7D41 /* Frameworks */,
				07FCAD0F1CEF2D7700FD7D41 /* Resources */,
			);
			buildRules = (
			);
			dependencies = (
				07FCAD141CEF2D7800FD7D41 /* PBXTargetDependency */,
			);
			name = "JSONMatcher-tvOSTests";
			productName = "JSONMatcher-tvOSTests";
			productReference = 07FCAD111CEF2D7700FD7D41 /* JSONMatchertvOSTests.xctest */;
			productType = "com.apple.product-type.bundle.unit-test";
		};
/* End PBXNativeTarget section */

/* Begin PBXProject section */
		07A1AF3E1CC3576F0033C783 /* Project object */ = {
			isa = PBXProject;
			attributes = {
				LastSwiftUpdateCheck = 0730;
				LastUpgradeCheck = 0730;
				ORGANIZATIONNAME = giginet;
				TargetAttributes = {
					07A1AF461CC3576F0033C783 = {
						CreatedOnToolsVersion = 7.3;
						LastSwiftMigration = 0830;
					};
					07A1AF571CC3580A0033C783 = {
						CreatedOnToolsVersion = 7.3;
						LastSwiftMigration = 0830;
					};
					07FCACEB1CEF2D5F00FD7D41 = {
						CreatedOnToolsVersion = 7.3.1;
					};
					07FCACF41CEF2D6000FD7D41 = {
						CreatedOnToolsVersion = 7.3.1;
					};
					07FCAD071CEF2D7700FD7D41 = {
						CreatedOnToolsVersion = 7.3.1;
					};
					07FCAD101CEF2D7700FD7D41 = {
						CreatedOnToolsVersion = 7.3.1;
					};
				};
			};
			buildConfigurationList = 07A1AF411CC3576F0033C783 /* Build configuration list for PBXProject "JSONMatcher" */;
			compatibilityVersion = "Xcode 3.2";
			developmentRegion = English;
			hasScannedForEncodings = 0;
			knownRegions = (
				en,
			);
			mainGroup = 07A1AF3D1CC3576F0033C783;
			productRefGroup = 07A1AF481CC3576F0033C783 /* Products */;
			projectDirPath = "";
			projectRoot = "";
			targets = (
				07A1AF461CC3576F0033C783 /* JSONMatcher-iOS */,
				07A1AF571CC3580A0033C783 /* JSONMatcher-iOSTests */,
				07FCACEB1CEF2D5F00FD7D41 /* JSONMatcher-OSX */,
				07FCACF41CEF2D6000FD7D41 /* JSONMatcher-OSXTests */,
				07FCAD071CEF2D7700FD7D41 /* JSONMatcher-tvOS */,
				07FCAD101CEF2D7700FD7D41 /* JSONMatcher-tvOSTests */,
			);
		};
/* End PBXProject section */

/* Begin PBXResourcesBuildPhase section */
		07A1AF451CC3576F0033C783 /* Resources */ = {
			isa = PBXResourcesBuildPhase;
			buildActionMask = 2147483647;
			files = (
			);
			runOnlyForDeploymentPostprocessing = 0;
		};
		07A1AF561CC3580A0033C783 /* Resources */ = {
			isa = PBXResourcesBuildPhase;
			buildActionMask = 2147483647;
			files = (
				079AC7A81CF019AB00A12B3B /* snorlax.json in Resources */,
				079AC7A51CF019AB00A12B3B /* pikachu.json in Resources */,
			);
			runOnlyForDeploymentPostprocessing = 0;
		};
		07FCACEA1CEF2D5F00FD7D41 /* Resources */ = {
			isa = PBXResourcesBuildPhase;
			buildActionMask = 2147483647;
			files = (
			);
			runOnlyForDeploymentPostprocessing = 0;
		};
		07FCACF31CEF2D6000FD7D41 /* Resources */ = {
			isa = PBXResourcesBuildPhase;
			buildActionMask = 2147483647;
			files = (
				079AC7A91CF019AB00A12B3B /* snorlax.json in Resources */,
				079AC7A61CF019AB00A12B3B /* pikachu.json in Resources */,
			);
			runOnlyForDeploymentPostprocessing = 0;
		};
		07FCAD061CEF2D7700FD7D41 /* Resources */ = {
			isa = PBXResourcesBuildPhase;
			buildActionMask = 2147483647;
			files = (
			);
			runOnlyForDeploymentPostprocessing = 0;
		};
		07FCAD0F1CEF2D7700FD7D41 /* Resources */ = {
			isa = PBXResourcesBuildPhase;
			buildActionMask = 2147483647;
			files = (
				079AC7AA1CF019AB00A12B3B /* snorlax.json in Resources */,
				079AC7A71CF019AB00A12B3B /* pikachu.json in Resources */,
			);
			runOnlyForDeploymentPostprocessing = 0;
		};
/* End PBXResourcesBuildPhase section */

/* Begin PBXSourcesBuildPhase section */
		07A1AF421CC3576F0033C783 /* Sources */ = {
			isa = PBXSourcesBuildPhase;
			buildActionMask = 2147483647;
			files = (
				07805B271CC3852500101893 /* BeJSONAs.swift in Sources */,
				540A8CCD1CDA49430050D3E4 /* Extractor.swift in Sources */,
				54E062411CCE1BFE00C174E1 /* Element.swift in Sources */,
				07A1AF721CC35A740033C783 /* BeJSON.swift in Sources */,
				073742421CE4BFB6002A4A4B /* BeJSONIncluding.swift in Sources */,
				07805B291CC386C900101893 /* Comparer.swift in Sources */,
				07805B301CC38E4600101893 /* Regex.swift in Sources */,
				07D2ED7F1CCCDAA6003A5430 /* Type.swift in Sources */,
				54E062431CCE1D7B00C174E1 /* Builder.swift in Sources */,
			);
			runOnlyForDeploymentPostprocessing = 0;
		};
		07A1AF541CC3580A0033C783 /* Sources */ = {
			isa = PBXSourcesBuildPhase;
			buildActionMask = 2147483647;
			files = (
				079AC7881CF019A200A12B3B /* BeJSONAsTests.swift in Sources */,
				079AC7911CF019A200A12B3B /* BuilderTests.swift in Sources */,
				079AC7971CF019A200A12B3B /* ElementTests.swift in Sources */,
				079AC7851CF019A200A12B3B /* BaseTestCase.swift in Sources */,
				079AC78B1CF019A200A12B3B /* BeJSONIncludingTests.swift in Sources */,
				079AC7941CF019A200A12B3B /* ComparerTests.swift in Sources */,
				079AC78E1CF019A200A12B3B /* BeJSONTests.swift in Sources */,
				077532CF1CEB4C3600E83F6C /* utils.swift in Sources */,
				079AC79A1CF019A200A12B3B /* ExampleTests.swift in Sources */,
				079AC7A01CF019A200A12B3B /* RegexTests.swift in Sources */,
			);
			runOnlyForDeploymentPostprocessing = 0;
		};
		07FCACE71CEF2D5F00FD7D41 /* Sources */ = {
			isa = PBXSourcesBuildPhase;
			buildActionMask = 2147483647;
			files = (
				07FCAD1F1CEF3C0600FD7D41 /* BeJSON.swift in Sources */,
				07FCAD201CEF3C0800FD7D41 /* BeJSONAs.swift in Sources */,
				07FCAD211CEF3C0900FD7D41 /* BeJSONIncluding.swift in Sources */,
				07FCAD221CEF3C0C00FD7D41 /* Comparer.swift in Sources */,
				07FCAD231CEF3C1D00FD7D41 /* Extractor.swift in Sources */,
				07FCAD241CEF3C1D00FD7D41 /* Regex.swift in Sources */,
				07FCAD251CEF3C1D00FD7D41 /* Element.swift in Sources */,
				07FCAD261CEF3C1D00FD7D41 /* Builder.swift in Sources */,
				07FCAD271CEF3C1D00FD7D41 /* Type.swift in Sources */,
			);
			runOnlyForDeploymentPostprocessing = 0;
		};
		07FCACF11CEF2D6000FD7D41 /* Sources */ = {
			isa = PBXSourcesBuildPhase;
			buildActionMask = 2147483647;
			files = (
				079AC7891CF019A200A12B3B /* BeJSONAsTests.swift in Sources */,
				079AC7921CF019A200A12B3B /* BuilderTests.swift in Sources */,
				079AC7981CF019A200A12B3B /* ElementTests.swift in Sources */,
				079AC7861CF019A200A12B3B /* BaseTestCase.swift in Sources */,
				079AC78C1CF019A200A12B3B /* BeJSONIncludingTests.swift in Sources */,
				079AC7951CF019A200A12B3B /* ComparerTests.swift in Sources */,
				079AC78F1CF019A200A12B3B /* BeJSONTests.swift in Sources */,
				07FCAD331CEF3CFE00FD7D41 /* utils.swift in Sources */,
				079AC79B1CF019A200A12B3B /* ExampleTests.swift in Sources */,
				079AC7A11CF019A200A12B3B /* RegexTests.swift in Sources */,
			);
			runOnlyForDeploymentPostprocessing = 0;
		};
		07FCAD031CEF2D7700FD7D41 /* Sources */ = {
			isa = PBXSourcesBuildPhase;
			buildActionMask = 2147483647;
			files = (
				07FCAD491CEF485800FD7D41 /* BeJSON.swift in Sources */,
				07FCAD4A1CEF485800FD7D41 /* BeJSONAs.swift in Sources */,
				07FCAD4B1CEF485800FD7D41 /* BeJSONIncluding.swift in Sources */,
				07FCAD4C1CEF485800FD7D41 /* Comparer.swift in Sources */,
				07FCAD4D1CEF485800FD7D41 /* Extractor.swift in Sources */,
				07FCAD4E1CEF485800FD7D41 /* Regex.swift in Sources */,
				07FCAD4F1CEF485800FD7D41 /* Element.swift in Sources */,
				07FCAD501CEF485800FD7D41 /* Builder.swift in Sources */,
				07FCAD511CEF485800FD7D41 /* Type.swift in Sources */,
			);
			runOnlyForDeploymentPostprocessing = 0;
		};
		07FCAD0D1CEF2D7700FD7D41 /* Sources */ = {
			isa = PBXSourcesBuildPhase;
			buildActionMask = 2147483647;
			files = (
				079AC78A1CF019A200A12B3B /* BeJSONAsTests.swift in Sources */,
				079AC7931CF019A200A12B3B /* BuilderTests.swift in Sources */,
				079AC7991CF019A200A12B3B /* ElementTests.swift in Sources */,
				079AC7871CF019A200A12B3B /* BaseTestCase.swift in Sources */,
				079AC78D1CF019A200A12B3B /* BeJSONIncludingTests.swift in Sources */,
				079AC7961CF019A200A12B3B /* ComparerTests.swift in Sources */,
				079AC7901CF019A200A12B3B /* BeJSONTests.swift in Sources */,
				07FCAD5A1CEF488600FD7D41 /* utils.swift in Sources */,
				079AC79C1CF019A200A12B3B /* ExampleTests.swift in Sources */,
				079AC7A21CF019A200A12B3B /* RegexTests.swift in Sources */,
			);
			runOnlyForDeploymentPostprocessing = 0;
		};
/* End PBXSourcesBuildPhase section */

/* Begin PBXTargetDependency section */
		07A1AF5F1CC3580A0033C783 /* PBXTargetDependency */ = {
			isa = PBXTargetDependency;
			target = 07A1AF461CC3576F0033C783 /* JSONMatcher-iOS */;
			targetProxy = 07A1AF5E1CC3580A0033C783 /* PBXContainerItemProxy */;
		};
		07FCACF81CEF2D6000FD7D41 /* PBXTargetDependency */ = {
			isa = PBXTargetDependency;
			target = 07FCACEB1CEF2D5F00FD7D41 /* JSONMatcher-OSX */;
			targetProxy = 07FCACF71CEF2D6000FD7D41 /* PBXContainerItemProxy */;
		};
		07FCAD141CEF2D7800FD7D41 /* PBXTargetDependency */ = {
			isa = PBXTargetDependency;
			target = 07FCAD071CEF2D7700FD7D41 /* JSONMatcher-tvOS */;
			targetProxy = 07FCAD131CEF2D7800FD7D41 /* PBXContainerItemProxy */;
		};
/* End PBXTargetDependency section */

/* Begin XCBuildConfiguration section */
		07A1AF4D1CC3576F0033C783 /* Debug */ = {
			isa = XCBuildConfiguration;
			buildSettings = {
				ALWAYS_SEARCH_USER_PATHS = NO;
				CLANG_ANALYZER_NONNULL = YES;
				CLANG_CXX_LANGUAGE_STANDARD = "gnu++0x";
				CLANG_CXX_LIBRARY = "libc++";
				CLANG_ENABLE_MODULES = YES;
				CLANG_ENABLE_OBJC_ARC = YES;
				CLANG_WARN_BOOL_CONVERSION = YES;
				CLANG_WARN_CONSTANT_CONVERSION = YES;
				CLANG_WARN_DIRECT_OBJC_ISA_USAGE = YES_ERROR;
				CLANG_WARN_EMPTY_BODY = YES;
				CLANG_WARN_ENUM_CONVERSION = YES;
				CLANG_WARN_INT_CONVERSION = YES;
				CLANG_WARN_OBJC_ROOT_CLASS = YES_ERROR;
				CLANG_WARN_UNREACHABLE_CODE = YES;
				CLANG_WARN__DUPLICATE_METHOD_MATCH = YES;
				"CODE_SIGN_IDENTITY[sdk=iphoneos*]" = "iPhone Developer";
				COPY_PHASE_STRIP = NO;
				CURRENT_PROJECT_VERSION = 1;
				DEBUG_INFORMATION_FORMAT = dwarf;
				EMBEDDED_CONTENT_CONTAINS_SWIFT = YES;
				ENABLE_STRICT_OBJC_MSGSEND = YES;
				ENABLE_TESTABILITY = YES;
				GCC_C_LANGUAGE_STANDARD = gnu99;
				GCC_DYNAMIC_NO_PIC = NO;
				GCC_NO_COMMON_BLOCKS = YES;
				GCC_OPTIMIZATION_LEVEL = 0;
				GCC_PREPROCESSOR_DEFINITIONS = (
					"DEBUG=1",
					"$(inherited)",
				);
				GCC_WARN_64_TO_32_BIT_CONVERSION = YES;
				GCC_WARN_ABOUT_RETURN_TYPE = YES_ERROR;
				GCC_WARN_UNDECLARED_SELECTOR = YES;
				GCC_WARN_UNINITIALIZED_AUTOS = YES_AGGRESSIVE;
				GCC_WARN_UNUSED_FUNCTION = YES;
				GCC_WARN_UNUSED_VARIABLE = YES;
				IPHONEOS_DEPLOYMENT_TARGET = 9.3;
				MTL_ENABLE_DEBUG_INFO = YES;
				ONLY_ACTIVE_ARCH = YES;
				SDKROOT = iphoneos;
				SWIFT_OPTIMIZATION_LEVEL = "-Onone";
				TARGETED_DEVICE_FAMILY = "1,2";
				VERSIONING_SYSTEM = "apple-generic";
				VERSION_INFO_PREFIX = "";
			};
			name = Debug;
		};
		07A1AF4E1CC3576F0033C783 /* Release */ = {
			isa = XCBuildConfiguration;
			buildSettings = {
				ALWAYS_SEARCH_USER_PATHS = NO;
				CLANG_ANALYZER_NONNULL = YES;
				CLANG_CXX_LANGUAGE_STANDARD = "gnu++0x";
				CLANG_CXX_LIBRARY = "libc++";
				CLANG_ENABLE_MODULES = YES;
				CLANG_ENABLE_OBJC_ARC = YES;
				CLANG_WARN_BOOL_CONVERSION = YES;
				CLANG_WARN_CONSTANT_CONVERSION = YES;
				CLANG_WARN_DIRECT_OBJC_ISA_USAGE = YES_ERROR;
				CLANG_WARN_EMPTY_BODY = YES;
				CLANG_WARN_ENUM_CONVERSION = YES;
				CLANG_WARN_INT_CONVERSION = YES;
				CLANG_WARN_OBJC_ROOT_CLASS = YES_ERROR;
				CLANG_WARN_UNREACHABLE_CODE = YES;
				CLANG_WARN__DUPLICATE_METHOD_MATCH = YES;
				"CODE_SIGN_IDENTITY[sdk=iphoneos*]" = "iPhone Developer";
				COPY_PHASE_STRIP = NO;
				CURRENT_PROJECT_VERSION = 1;
				DEBUG_INFORMATION_FORMAT = "dwarf-with-dsym";
				EMBEDDED_CONTENT_CONTAINS_SWIFT = YES;
				ENABLE_NS_ASSERTIONS = NO;
				ENABLE_STRICT_OBJC_MSGSEND = YES;
				GCC_C_LANGUAGE_STANDARD = gnu99;
				GCC_NO_COMMON_BLOCKS = YES;
				GCC_WARN_64_TO_32_BIT_CONVERSION = YES;
				GCC_WARN_ABOUT_RETURN_TYPE = YES_ERROR;
				GCC_WARN_UNDECLARED_SELECTOR = YES;
				GCC_WARN_UNINITIALIZED_AUTOS = YES_AGGRESSIVE;
				GCC_WARN_UNUSED_FUNCTION = YES;
				GCC_WARN_UNUSED_VARIABLE = YES;
				IPHONEOS_DEPLOYMENT_TARGET = 9.3;
				MTL_ENABLE_DEBUG_INFO = NO;
				SDKROOT = iphoneos;
				TARGETED_DEVICE_FAMILY = "1,2";
				VALIDATE_PRODUCT = YES;
				VERSIONING_SYSTEM = "apple-generic";
				VERSION_INFO_PREFIX = "";
			};
			name = Release;
		};
		07A1AF501CC3576F0033C783 /* Debug */ = {
			isa = XCBuildConfiguration;
			buildSettings = {
				CLANG_ENABLE_MODULES = YES;
				DEFINES_MODULE = YES;
				DYLIB_COMPATIBILITY_VERSION = 1;
				DYLIB_CURRENT_VERSION = 1;
				DYLIB_INSTALL_NAME_BASE = "@rpath";
				EMBEDDED_CONTENT_CONTAINS_SWIFT = YES;
				ENABLE_BITCODE = NO;
				FRAMEWORK_SEARCH_PATHS = (
					"$(inherited)",
					"$(PROJECT_DIR)/Carthage/Build/iOS",
					"$(PLATFORM_DIR)/Developer/Library/Frameworks",
				);
				INFOPLIST_FILE = Sources/JSONMatcher/Info.plist;
				INSTALL_PATH = "$(LOCAL_LIBRARY_DIR)/Frameworks";
				IPHONEOS_DEPLOYMENT_TARGET = 8.0;
				LD_RUNPATH_SEARCH_PATHS = "$(inherited) @executable_path/Frameworks @loader_path/Frameworks";
				ONLY_ACTIVE_ARCH = YES;
				OTHER_LDFLAGS = (
					"-weak_framework",
					XCTest,
					"-weak-lswiftXCTest",
				);
				PRODUCT_BUNDLE_IDENTIFIER = org.giginet.JSONMatcher;
				PRODUCT_NAME = JSONMatcher;
				SKIP_INSTALL = YES;
				SWIFT_OPTIMIZATION_LEVEL = "-Onone";
				SWIFT_VERSION = 3.0;
			};
			name = Debug;
		};
		07A1AF511CC3576F0033C783 /* Release */ = {
			isa = XCBuildConfiguration;
			buildSettings = {
				CLANG_ENABLE_MODULES = YES;
				DEFINES_MODULE = YES;
				DYLIB_COMPATIBILITY_VERSION = 1;
				DYLIB_CURRENT_VERSION = 1;
				DYLIB_INSTALL_NAME_BASE = "@rpath";
				EMBEDDED_CONTENT_CONTAINS_SWIFT = YES;
				ENABLE_BITCODE = NO;
				FRAMEWORK_SEARCH_PATHS = (
					"$(inherited)",
					"$(PROJECT_DIR)/Carthage/Build/iOS",
					"$(PLATFORM_DIR)/Developer/Library/Frameworks",
				);
				INFOPLIST_FILE = Sources/JSONMatcher/Info.plist;
				INSTALL_PATH = "$(LOCAL_LIBRARY_DIR)/Frameworks";
				IPHONEOS_DEPLOYMENT_TARGET = 8.0;
				LD_RUNPATH_SEARCH_PATHS = "$(inherited) @executable_path/Frameworks @loader_path/Frameworks";
				ONLY_ACTIVE_ARCH = NO;
				OTHER_LDFLAGS = (
					"-weak_framework",
					XCTest,
					"-weak-lswiftXCTest",
				);
				PRODUCT_BUNDLE_IDENTIFIER = org.giginet.JSONMatcher;
				PRODUCT_NAME = JSONMatcher;
				SKIP_INSTALL = YES;
				SWIFT_VERSION = 3.0;
			};
			name = Release;
		};
		07A1AF611CC3580A0033C783 /* Debug */ = {
			isa = XCBuildConfiguration;
			buildSettings = {
				CLANG_ENABLE_MODULES = YES;
				FRAMEWORK_SEARCH_PATHS = (
					"$(inherited)",
					"$(PROJECT_DIR)/Carthage/Build/iOS",
				);
				INFOPLIST_FILE = Tests/JSONMatcher/Info.plist;
				LD_RUNPATH_SEARCH_PATHS = "$(inherited) @executable_path/Frameworks @loader_path/Frameworks";
				PRODUCT_BUNDLE_IDENTIFIER = org.giginet.JSONMatcherTests;
				PRODUCT_NAME = "$(TARGET_NAME)";
				SWIFT_OPTIMIZATION_LEVEL = "-Onone";
				SWIFT_VERSION = 3.0;
			};
			name = Debug;
		};
		07A1AF621CC3580A0033C783 /* Release */ = {
			isa = XCBuildConfiguration;
			buildSettings = {
				CLANG_ENABLE_MODULES = YES;
				FRAMEWORK_SEARCH_PATHS = (
					"$(inherited)",
					"$(PROJECT_DIR)/Carthage/Build/iOS",
				);
				INFOPLIST_FILE = Tests/JSONMatcher/Info.plist;
				LD_RUNPATH_SEARCH_PATHS = "$(inherited) @executable_path/Frameworks @loader_path/Frameworks";
				PRODUCT_BUNDLE_IDENTIFIER = org.giginet.JSONMatcherTests;
				PRODUCT_NAME = "$(TARGET_NAME)";
				SWIFT_VERSION = 3.0;
			};
			name = Release;
		};
		07FCACFD1CEF2D6000FD7D41 /* Debug */ = {
			isa = XCBuildConfiguration;
			buildSettings = {
				CODE_SIGN_IDENTITY = "-";
				COMBINE_HIDPI_IMAGES = YES;
				DEFINES_MODULE = YES;
				DYLIB_COMPATIBILITY_VERSION = 1;
				DYLIB_CURRENT_VERSION = 1;
				DYLIB_INSTALL_NAME_BASE = "@rpath";
				FRAMEWORK_SEARCH_PATHS = (
					"$(inherited)",
					"$(PROJECT_DIR)/Carthage/Build/Mac",
					"$(PLATFORM_DIR)/Developer/Library/Frameworks",
				);
				FRAMEWORK_VERSION = A;
				INFOPLIST_FILE = Sources/JSONMatcher/Info.plist;
				INSTALL_PATH = "$(LOCAL_LIBRARY_DIR)/Frameworks";
				LD_RUNPATH_SEARCH_PATHS = "$(inherited) @executable_path/Frameworks @loader_path/Frameworks";
				MACOSX_DEPLOYMENT_TARGET = 10.9;
				OTHER_LDFLAGS = (
					"-weak_framework",
					XCTest,
					"-weak-lswiftXCTest",
				);
				PRODUCT_BUNDLE_IDENTIFIER = org.giginet.JSONMatcher;
				PRODUCT_NAME = JSONMatcher;
				SDKROOT = macosx;
				SKIP_INSTALL = YES;
			};
			name = Debug;
		};
		07FCACFE1CEF2D6000FD7D41 /* Release */ = {
			isa = XCBuildConfiguration;
			buildSettings = {
				CODE_SIGN_IDENTITY = "-";
				COMBINE_HIDPI_IMAGES = YES;
				DEFINES_MODULE = YES;
				DYLIB_COMPATIBILITY_VERSION = 1;
				DYLIB_CURRENT_VERSION = 1;
				DYLIB_INSTALL_NAME_BASE = "@rpath";
				FRAMEWORK_SEARCH_PATHS = (
					"$(inherited)",
					"$(PROJECT_DIR)/Carthage/Build/Mac",
					"$(PLATFORM_DIR)/Developer/Library/Frameworks",
				);
				FRAMEWORK_VERSION = A;
				INFOPLIST_FILE = Sources/JSONMatcher/Info.plist;
				INSTALL_PATH = "$(LOCAL_LIBRARY_DIR)/Frameworks";
				LD_RUNPATH_SEARCH_PATHS = "$(inherited) @executable_path/Frameworks @loader_path/Frameworks";
				MACOSX_DEPLOYMENT_TARGET = 10.9;
				OTHER_LDFLAGS = (
					"-weak_framework",
					XCTest,
					"-weak-lswiftXCTest",
				);
				PRODUCT_BUNDLE_IDENTIFIER = org.giginet.JSONMatcher;
				PRODUCT_NAME = JSONMatcher;
				SDKROOT = macosx;
				SKIP_INSTALL = YES;
			};
			name = Release;
		};
		07FCACFF1CEF2D6000FD7D41 /* Debug */ = {
			isa = XCBuildConfiguration;
			buildSettings = {
				CODE_SIGN_IDENTITY = "-";
				COMBINE_HIDPI_IMAGES = YES;
				FRAMEWORK_SEARCH_PATHS = (
					"$(inherited)",
					"$(PROJECT_DIR)/Carthage/Build/Mac",
				);
				INFOPLIST_FILE = Tests/JSONMatcher/Info.plist;
				LD_RUNPATH_SEARCH_PATHS = "$(inherited) @executable_path/../Frameworks @loader_path/../Frameworks";
				MACOSX_DEPLOYMENT_TARGET = 10.11;
				PRODUCT_BUNDLE_IDENTIFIER = org.giginet.JSONMatcherTests;
				PRODUCT_NAME = JSONMatcherOSXTests;
				SDKROOT = macosx;
			};
			name = Debug;
		};
		07FCAD001CEF2D6000FD7D41 /* Release */ = {
			isa = XCBuildConfiguration;
			buildSettings = {
				CODE_SIGN_IDENTITY = "-";
				COMBINE_HIDPI_IMAGES = YES;
				FRAMEWORK_SEARCH_PATHS = (
					"$(inherited)",
					"$(PROJECT_DIR)/Carthage/Build/Mac",
				);
				INFOPLIST_FILE = Tests/JSONMatcher/Info.plist;
				LD_RUNPATH_SEARCH_PATHS = "$(inherited) @executable_path/../Frameworks @loader_path/../Frameworks";
				MACOSX_DEPLOYMENT_TARGET = 10.11;
				PRODUCT_BUNDLE_IDENTIFIER = org.giginet.JSONMatcherTests;
				PRODUCT_NAME = JSONMatcherOSXTests;
				SDKROOT = macosx;
			};
			name = Release;
		};
		07FCAD1A1CEF2D7800FD7D41 /* Debug */ = {
			isa = XCBuildConfiguration;
			buildSettings = {
				DEFINES_MODULE = YES;
				DYLIB_COMPATIBILITY_VERSION = 1;
				DYLIB_CURRENT_VERSION = 1;
				DYLIB_INSTALL_NAME_BASE = "@rpath";
				FRAMEWORK_SEARCH_PATHS = "$(PLATFORM_DIR)/Developer/Library/Frameworks";
				INFOPLIST_FILE = Sources/JSONMatcher/Info.plist;
				INSTALL_PATH = "$(LOCAL_LIBRARY_DIR)/Frameworks";
				LD_RUNPATH_SEARCH_PATHS = "$(inherited) @executable_path/Frameworks @loader_path/Frameworks";
				OTHER_LDFLAGS = (
					"-weak_framework",
					XCTest,
					"-weak-lswiftXCTest",
				);
				PRODUCT_BUNDLE_IDENTIFIER = org.giginet.JSONMatcher;
				PRODUCT_NAME = JSONMatcher;
				SDKROOT = appletvos;
				SKIP_INSTALL = YES;
				TARGETED_DEVICE_FAMILY = 3;
				TVOS_DEPLOYMENT_TARGET = 9.0;
			};
			name = Debug;
		};
		07FCAD1B1CEF2D7800FD7D41 /* Release */ = {
			isa = XCBuildConfiguration;
			buildSettings = {
				DEFINES_MODULE = YES;
				DYLIB_COMPATIBILITY_VERSION = 1;
				DYLIB_CURRENT_VERSION = 1;
				DYLIB_INSTALL_NAME_BASE = "@rpath";
				FRAMEWORK_SEARCH_PATHS = "$(PLATFORM_DIR)/Developer/Library/Frameworks";
				INFOPLIST_FILE = Sources/JSONMatcher/Info.plist;
				INSTALL_PATH = "$(LOCAL_LIBRARY_DIR)/Frameworks";
				LD_RUNPATH_SEARCH_PATHS = "$(inherited) @executable_path/Frameworks @loader_path/Frameworks";
				OTHER_LDFLAGS = (
					"-weak_framework",
					XCTest,
					"-weak-lswiftXCTest",
				);
				PRODUCT_BUNDLE_IDENTIFIER = org.giginet.JSONMatcher;
				PRODUCT_NAME = JSONMatcher;
				SDKROOT = appletvos;
				SKIP_INSTALL = YES;
				TARGETED_DEVICE_FAMILY = 3;
				TVOS_DEPLOYMENT_TARGET = 9.0;
			};
			name = Release;
		};
		07FCAD1D1CEF2D7800FD7D41 /* Debug */ = {
			isa = XCBuildConfiguration;
			buildSettings = {
				FRAMEWORK_SEARCH_PATHS = "$(PLATFORM_DIR)/Developer/Library/Frameworks";
				INFOPLIST_FILE = Tests/JSONMatcher/Info.plist;
				LD_RUNPATH_SEARCH_PATHS = "$(inherited) @executable_path/Frameworks @loader_path/Frameworks";
				PRODUCT_BUNDLE_IDENTIFIER = org.giginet.JSONMatcherTests;
				PRODUCT_NAME = JSONMatchertvOSTests;
				SDKROOT = appletvos;
				TVOS_DEPLOYMENT_TARGET = 9.2;
			};
			name = Debug;
		};
		07FCAD1E1CEF2D7800FD7D41 /* Release */ = {
			isa = XCBuildConfiguration;
			buildSettings = {
				FRAMEWORK_SEARCH_PATHS = "$(PLATFORM_DIR)/Developer/Library/Frameworks";
				INFOPLIST_FILE = Tests/JSONMatcher/Info.plist;
				LD_RUNPATH_SEARCH_PATHS = "$(inherited) @executable_path/Frameworks @loader_path/Frameworks";
				PRODUCT_BUNDLE_IDENTIFIER = org.giginet.JSONMatcherTests;
				PRODUCT_NAME = JSONMatchertvOSTests;
				SDKROOT = appletvos;
				TVOS_DEPLOYMENT_TARGET = 9.2;
			};
			name = Release;
		};
/* End XCBuildConfiguration section */

/* Begin XCConfigurationList section */
		07A1AF411CC3576F0033C783 /* Build configuration list for PBXProject "JSONMatcher" */ = {
			isa = XCConfigurationList;
			buildConfigurations = (
				07A1AF4D1CC3576F0033C783 /* Debug */,
				07A1AF4E1CC3576F0033C783 /* Release */,
			);
			defaultConfigurationIsVisible = 0;
			defaultConfigurationName = Release;
		};
		07A1AF4F1CC3576F0033C783 /* Build configuration list for PBXNativeTarget "JSONMatcher-iOS" */ = {
			isa = XCConfigurationList;
			buildConfigurations = (
				07A1AF501CC3576F0033C783 /* Debug */,
				07A1AF511CC3576F0033C783 /* Release */,
			);
			defaultConfigurationIsVisible = 0;
			defaultConfigurationName = Release;
		};
		07A1AF601CC3580A0033C783 /* Build configuration list for PBXNativeTarget "JSONMatcher-iOSTests" */ = {
			isa = XCConfigurationList;
			buildConfigurations = (
				07A1AF611CC3580A0033C783 /* Debug */,
				07A1AF621CC3580A0033C783 /* Release */,
			);
			defaultConfigurationIsVisible = 0;
			defaultConfigurationName = Release;
		};
		07FCAD011CEF2D6000FD7D41 /* Build configuration list for PBXNativeTarget "JSONMatcher-OSX" */ = {
			isa = XCConfigurationList;
			buildConfigurations = (
				07FCACFD1CEF2D6000FD7D41 /* Debug */,
				07FCACFE1CEF2D6000FD7D41 /* Release */,
			);
			defaultConfigurationIsVisible = 0;
			defaultConfigurationName = Release;
		};
		07FCAD021CEF2D6000FD7D41 /* Build configuration list for PBXNativeTarget "JSONMatcher-OSXTests" */ = {
			isa = XCConfigurationList;
			buildConfigurations = (
				07FCACFF1CEF2D6000FD7D41 /* Debug */,
				07FCAD001CEF2D6000FD7D41 /* Release */,
			);
			defaultConfigurationIsVisible = 0;
			defaultConfigurationName = Release;
		};
		07FCAD191CEF2D7800FD7D41 /* Build configuration list for PBXNativeTarget "JSONMatcher-tvOS" */ = {
			isa = XCConfigurationList;
			buildConfigurations = (
				07FCAD1A1CEF2D7800FD7D41 /* Debug */,
				07FCAD1B1CEF2D7800FD7D41 /* Release */,
			);
			defaultConfigurationIsVisible = 0;
			defaultConfigurationName = Release;
		};
		07FCAD1C1CEF2D7800FD7D41 /* Build configuration list for PBXNativeTarget "JSONMatcher-tvOSTests" */ = {
			isa = XCConfigurationList;
			buildConfigurations = (
				07FCAD1D1CEF2D7800FD7D41 /* Debug */,
				07FCAD1E1CEF2D7800FD7D41 /* Release */,
			);
			defaultConfigurationIsVisible = 0;
			defaultConfigurationName = Release;
		};
/* End XCConfigurationList section */
	};
	rootObject = 07A1AF3E1CC3576F0033C783 /* Project object */;
}
